
Microsoft Visual Studio Solution File, Format Version 12.00
# Visual Studio Version 17
VisualStudioVersion = 17.5.33516.290
MinimumVisualStudioVersion = 10.0.40219.1
Project("{8BC9CEB8-8B4A-11D0-8D11-00A0C91BC942}") = "Chapter16_1", "Chapter16_1\Chapter16_1.vcxproj", "{51780BCF-5D97-48E3-A5B3-5F3F4ECE37B0}"
EndProject
Project("{8BC9CEB8-8B4A-11D0-8D11-00A0C91BC942}") = "Chapter16_2", "Chapter16_2\Chapter16_2.vcxproj", "{70BFC440-3F10-4278-A74E-2C1A87CC42C9}"
EndProject
Project("{8BC9CEB8-8B4A-11D0-8D11-00A0C91BC942}") = "Chapter17_1", "chapter17_1\chapter17_1.vcxproj", "{7E6D25DD-3A39-47CF-BF3F-B9D10D46B404}"
EndProject
Project("{8BC9CEB8-8B4A-11D0-8D11-00A0C91BC942}") = "Chapter17_2", "Chapter17_2\Chapter17_2.vcxproj", "{ADB12A86-04BE-4B2F-8668-6346855B0D4B}"
EndProject
Project("{8BC9CEB8-8B4A-11D0-8D11-00A0C91BC942}") = "Chapter17_4", "Chapter17_4\Chapter17_4.vcxproj", "{F4930CFA-9482-43B6-B67C-8ACE67CF758C}"
EndProject
Project("{8BC9CEB8-8B4A-11D0-8D11-00A0C91BC942}") = "Chapter17_5", "Chapter17_5\Chapter17_5.vcxproj", "{0F3DD4DE-5C83-4D20-8988-10D7675BED56}"
EndProject
Project("{8BC9CEB8-8B4A-11D0-8D11-00A0C91BC942}") = "Chapter18_1", "Chapter18_1\Chapter18_1.vcxproj", "{AEA4A9CF-7364-43DC-859D-D291E4D03D9B}"
EndProject
Project("{8BC9CEB8-8B4A-11D0-8D11-00A0C91BC942}") = "Chapter18_2", "Chapter18_2\Chapter18_2.vcxproj", "{D424FF9E-F21F-46BC-B163-4F23D01A05DF}"
EndProject
Project("{8BC9CEB8-8B4A-11D0-8D11-00A0C91BC942}") = "Chapter18_3", "Chapter18_3\Chapter18_3.vcxproj", "{F43E4630-AC24-40AE-97C8-705C0AC076BE}"
EndProject
Project("{8BC9CEB8-8B4A-11D0-8D11-00A0C91BC942}") = "Chapter18_4", "Chapter18_4\Chapter18_4.vcxproj", "{154BD99F-0828-4F81-925A-32E371C63285}"
EndProject
Global
	GlobalSection(SolutionConfigurationPlatforms) = preSolution
		Debug|x64 = Debug|x64
		Debug|x86 = Debug|x86
		Release|x64 = Release|x64
		Release|x86 = Release|x86
	EndGlobalSection
	GlobalSection(ProjectConfigurationPlatforms) = postSolution
		{51780BCF-5D97-48E3-A5B3-5F3F4ECE37B0}.Debug|x64.ActiveCfg = Debug|x64
		{51780BCF-5D97-48E3-A5B3-5F3F4ECE37B0}.Debug|x64.Build.0 = Debug|x64
		{51780BCF-5D97-48E3-A5B3-5F3F4ECE37B0}.Debug|x86.ActiveCfg = Debug|Win32
		{51780BCF-5D97-48E3-A5B3-5F3F4ECE37B0}.Debug|x86.Build.0 = Debug|Win32
		{51780BCF-5D97-48E3-A5B3-5F3F4ECE37B0}.Release|x64.ActiveCfg = Release|x64
		{51780BCF-5D97-48E3-A5B3-5F3F4ECE37B0}.Release|x64.Build.0 = Release|x64
		{51780BCF-5D97-48E3-A5B3-5F3F4ECE37B0}.Release|x86.ActiveCfg = Release|Win32
		{51780BCF-5D97-48E3-A5B3-5F3F4ECE37B0}.Release|x86.Build.0 = Release|Win32
		{70BFC440-3F10-4278-A74E-2C1A87CC42C9}.Debug|x64.ActiveCfg = Debug|x64
		{70BFC440-3F10-4278-A74E-2C1A87CC42C9}.Debug|x64.Build.0 = Debug|x64
		{70BFC440-3F10-4278-A74E-2C1A87CC42C9}.Debug|x86.ActiveCfg = Debug|Win32
		{70BFC440-3F10-4278-A74E-2C1A87CC42C9}.Debug|x86.Build.0 = Debug|Win32
		{70BFC440-3F10-4278-A74E-2C1A87CC42C9}.Release|x64.ActiveCfg = Release|x64
		{70BFC440-3F10-4278-A74E-2C1A87CC42C9}.Release|x64.Build.0 = Release|x64
		{70BFC440-3F10-4278-A74E-2C1A87CC42C9}.Release|x86.ActiveCfg = Release|Win32
		{70BFC440-3F10-4278-A74E-2C1A87CC42C9}.Release|x86.Build.0 = Release|Win32
		{7E6D25DD-3A39-47CF-BF3F-B9D10D46B404}.Debug|x64.ActiveCfg = Debug|x64
		{7E6D25DD-3A39-47CF-BF3F-B9D10D46B404}.Debug|x64.Build.0 = Debug|x64
		{7E6D25DD-3A39-47CF-BF3F-B9D10D46B404}.Debug|x86.ActiveCfg = Debug|Win32
		{7E6D25DD-3A39-47CF-BF3F-B9D10D46B404}.Debug|x86.Build.0 = Debug|Win32
		{7E6D25DD-3A39-47CF-BF3F-B9D10D46B404}.Release|x64.ActiveCfg = Release|x64
		{7E6D25DD-3A39-47CF-BF3F-B9D10D46B404}.Release|x64.Build.0 = Release|x64
		{7E6D25DD-3A39-47CF-BF3F-B9D10D46B404}.Release|x86.ActiveCfg = Release|Win32
		{7E6D25DD-3A39-47CF-BF3F-B9D10D46B404}.Release|x86.Build.0 = Release|Win32
		{ADB12A86-04BE-4B2F-8668-6346855B0D4B}.Debug|x64.ActiveCfg = Debug|x64
		{ADB12A86-04BE-4B2F-8668-6346855B0D4B}.Debug|x64.Build.0 = Debug|x64
		{ADB12A86-04BE-4B2F-8668-6346855B0D4B}.Debug|x86.ActiveCfg = Debug|Win32
		{ADB12A86-04BE-4B2F-8668-6346855B0D4B}.Debug|x86.Build.0 = Debug|Win32
		{ADB12A86-04BE-4B2F-8668-6346855B0D4B}.Release|x64.ActiveCfg = Release|x64
		{ADB12A86-04BE-4B2F-8668-6346855B0D4B}.Release|x64.Build.0 = Release|x64
		{ADB12A86-04BE-4B2F-8668-6346855B0D4B}.Release|x86.ActiveCfg = Release|Win32
		{ADB12A86-04BE-4B2F-8668-6346855B0D4B}.Release|x86.Build.0 = Release|Win32
		{F4930CFA-9482-43B6-B67C-8ACE67CF758C}.Debug|x64.ActiveCfg = Debug|x64
		{F4930CFA-9482-43B6-B67C-8ACE67CF758C}.Debug|x64.Build.0 = Debug|x64
		{F4930CFA-9482-43B6-B67C-8ACE67CF758C}.Debug|x86.ActiveCfg = Debug|Win32
		{F4930CFA-9482-43B6-B67C-8ACE67CF758C}.Debug|x86.Build.0 = Debug|Win32
		{F4930CFA-9482-43B6-B67C-8ACE67CF758C}.Release|x64.ActiveCfg = Release|x64
		{F4930CFA-9482-43B6-B67C-8ACE67CF758C}.Release|x64.Build.0 = Release|x64
		{F4930CFA-9482-43B6-B67C-8ACE67CF758C}.Release|x86.ActiveCfg = Release|Win32
		{F4930CFA-9482-43B6-B67C-8ACE67CF758C}.Release|x86.Build.0 = Release|Win32
		{0F3DD4DE-5C83-4D20-8988-10D7675BED56}.Debug|x64.ActiveCfg = Debug|x64
		{0F3DD4DE-5C83-4D20-8988-10D7675BED56}.Debug|x64.Build.0 = Debug|x64
		{0F3DD4DE-5C83-4D20-8988-10D7675BED56}.Debug|x86.ActiveCfg = Debug|Win32
		{0F3DD4DE-5C83-4D20-8988-10D7675BED56}.Debug|x86.Build.0 = Debug|Win32
		{0F3DD4DE-5C83-4D20-8988-10D7675BED56}.Release|x64.ActiveCfg = Release|x64
		{0F3DD4DE-5C83-4D20-8988-10D7675BED56}.Release|x64.Build.0 = Release|x64
		{0F3DD4DE-5C83-4D20-8988-10D7675BED56}.Release|x86.ActiveCfg = Release|Win32
		{0F3DD4DE-5C83-4D20-8988-10D7675BED56}.Release|x86.Build.0 = Release|Win32
		{AEA4A9CF-7364-43DC-859D-D291E4D03D9B}.Debug|x64.ActiveCfg = Debug|x64
		{AEA4A9CF-7364-43DC-859D-D291E4D03D9B}.Debug|x64.Build.0 = Debug|x64
		{AEA4A9CF-7364-43DC-859D-D291E4D03D9B}.Debug|x86.ActiveCfg = Debug|Win32
		{AEA4A9CF-7364-43DC-859D-D291E4D03D9B}.Debug|x86.Build.0 = Debug|Win32
		{AEA4A9CF-7364-43DC-859D-D291E4D03D9B}.Release|x64.ActiveCfg = Release|x64
		{AEA4A9CF-7364-43DC-859D-D291E4D03D9B}.Release|x64.Build.0 = Release|x64
		{AEA4A9CF-7364-43DC-859D-D291E4D03D9B}.Release|x86.ActiveCfg = Release|Win32
		{AEA4A9CF-7364-43DC-859D-D291E4D03D9B}.Release|x86.Build.0 = Release|Win32
		{D424FF9E-F21F-46BC-B163-4F23D01A05DF}.Debug|x64.ActiveCfg = Debug|x64
		{D424FF9E-F21F-46BC-B163-4F23D01A05DF}.Debug|x64.Build.0 = Debug|x64
		{D424FF9E-F21F-46BC-B163-4F23D01A05DF}.Debug|x86.ActiveCfg = Debug|Win32
		{D424FF9E-F21F-46BC-B163-4F23D01A05DF}.Debug|x86.Build.0 = Debug|Win32
		{D424FF9E-F21F-46BC-B163-4F23D01A05DF}.Release|x64.ActiveCfg = Release|x64
		{D424FF9E-F21F-46BC-B163-4F23D01A05DF}.Release|x64.Build.0 = Release|x64
		{D424FF9E-F21F-46BC-B163-4F23D01A05DF}.Release|x86.ActiveCfg = Release|Win32
		{D424FF9E-F21F-46BC-B163-4F23D01A05DF}.Release|x86.Build.0 = Release|Win32
		{F43E4630-AC24-40AE-97C8-705C0AC076BE}.Debug|x64.ActiveCfg = Debug|x64
		{F43E4630-AC24-40AE-97C8-705C0AC076BE}.Debug|x64.Build.0 = Debug|x64
		{F43E4630-AC24-40AE-97C8-705C0AC076BE}.Debug|x86.ActiveCfg = Debug|Win32
		{F43E4630-AC24-40AE-97C8-705C0AC076BE}.Debug|x86.Build.0 = Debug|Win32
		{F43E4630-AC24-40AE-97C8-705C0AC076BE}.Release|x64.ActiveCfg = Release|x64
		{F43E4630-AC24-40AE-97C8-705C0AC076BE}.Release|x64.Build.0 = Release|x64
		{F43E4630-AC24-40AE-97C8-705C0AC076BE}.Release|x86.ActiveCfg = Release|Win32
		{F43E4630-AC24-40AE-97C8-705C0AC076BE}.Release|x86.Build.0 = Release|Win32
		{154BD99F-0828-4F81-925A-32E371C63285}.Debug|x64.ActiveCfg = Debug|x64
		{154BD99F-0828-4F81-925A-32E371C63285}.Debug|x64.Build.0 = Debug|x64
		{154BD99F-0828-4F81-925A-32E371C63285}.Debug|x86.ActiveCfg = Debug|Win32
		{154BD99F-0828-4F81-925A-32E371C63285}.Debug|x86.Build.0 = Debug|Win32
		{154BD99F-0828-4F81-925A-32E371C63285}.Release|x64.ActiveCfg = Release|x64
		{154BD99F-0828-4F81-925A-32E371C63285}.Release|x64.Build.0 = Release|x64
		{154BD99F-0828-4F81-925A-32E371C63285}.Release|x86.ActiveCfg = Release|Win32
		{154BD99F-0828-4F81-925A-32E371C63285}.Release|x86.Build.0 = Release|Win32
	EndGlobalSection
	GlobalSection(SolutionProperties) = preSolution
		HideSolutionNode = FALSE
	EndGlobalSection
	GlobalSection(ExtensibilityGlobals) = postSolution
		SolutionGuid = {CE6FC1EF-8EC6-4572-B6C6-DBCFEFD2B0EA}
	EndGlobalSection
EndGlobal
