
Microsoft Visual Studio Solution File, Format Version 12.00
# Visual Studio Version 17
VisualStudioVersion = 17.5.33516.290
MinimumVisualStudioVersion = 10.0.40219.1
Project("{8BC9CEB8-8B4A-11D0-8D11-00A0C91BC942}") = "Chapter1_1", "Chapter1_1\Chapter1_1.vcxproj", "{3A36BADE-7518-4E7D-9C99-F27E28D9B60C}"
EndProject
Project("{8BC9CEB8-8B4A-11D0-8D11-00A0C91BC942}") = "Chapter1_3", "Chapter1_3\Chapter1_3.vcxproj", "{8F2C0E7E-3403-4DC1-B2CD-D6E922BC7BCB}"
EndProject
Project("{8BC9CEB8-8B4A-11D0-8D11-00A0C91BC942}") = "Chapter1_4", "Chapter1_4\Chapter1_4.vcxproj", "{B720C09E-2605-48BE-ACAA-75C5FBC5258A}"
EndProject
Project("{8BC9CEB8-8B4A-11D0-8D11-00A0C91BC942}") = "Chapter1_5", "Chapter1_5\Chapter1_5.vcxproj", "{B2699A61-D455-47A4-A1E5-C1769CC8D0F9}"
EndProject
Project("{8BC9CEB8-8B4A-11D0-8D11-00A0C91BC942}") = "Chapter1_7", "Chapter1_7\Chapter1_7.vcxproj", "{A9539D46-281E-4A8E-A669-BC9465EC8FB6}"
EndProject
Project("{8BC9CEB8-8B4A-11D0-8D11-00A0C91BC942}") = "Chapter1_13", "Chapter1_13\Chapter1_13.vcxproj", "{762C8676-154D-423C-8544-E4745209E2CF}"
EndProject
Project("{8BC9CEB8-8B4A-11D0-8D11-00A0C91BC942}") = "Chapter1_14", "Chpater1_14\Chpater1_14.vcxproj", "{1F12FAFE-091F-4606-82E7-24F2EA152819}"
EndProject
Project("{8BC9CEB8-8B4A-11D0-8D11-00A0C91BC942}") = "Chapter2_2", "Chapter2_2\Chapter2_2.vcxproj", "{A78E41B7-D1D3-43F4-9E21-E7E7A025572C}"
EndProject
Project("{8BC9CEB8-8B4A-11D0-8D11-00A0C91BC942}") = "Chapter2_3", "chapter2_3\chapter2_3.vcxproj", "{CA56E073-D0CD-4096-B1E5-893B6175AA92}"
EndProject
Project("{8BC9CEB8-8B4A-11D0-8D11-00A0C91BC942}") = "Chapter2_4", "Chapter2_4\Chapter2_4.vcxproj", "{6BCEFE50-8534-4DAA-A5A5-F00EC96D7933}"
EndProject
Project("{8BC9CEB8-8B4A-11D0-8D11-00A0C91BC942}") = "Chapter2_5", "Chapter2_5\Chapter2_5.vcxproj", "{603D5CE5-C64C-46D6-A0FF-33BCBAA6BD0C}"
EndProject
Project("{8BC9CEB8-8B4A-11D0-8D11-00A0C91BC942}") = "Chapter2_6", "Chapter2_6\Chapter2_6.vcxproj", "{1A5FC451-3005-4580-8977-5E60928B4497}"
EndProject
Project("{8BC9CEB8-8B4A-11D0-8D11-00A0C91BC942}") = "Chapter2_7", "Chapter2_7\Chapter2_7.vcxproj", "{971674A2-5CBF-470A-9657-7854BB7A425F}"
EndProject
Project("{8BC9CEB8-8B4A-11D0-8D11-00A0C91BC942}") = "Chapter2_8", "Chapter2_8\Chapter2_8.vcxproj", "{DAA974BD-2917-4C2F-99CC-873474549748}"
EndProject
Project("{8BC9CEB8-8B4A-11D0-8D11-00A0C91BC942}") = "Chapter2_9", "Chapter2_9\Chapter2_9.vcxproj", "{9804D461-A267-48DF-9B30-6C366DD36984}"
EndProject
Project("{8BC9CEB8-8B4A-11D0-8D11-00A0C91BC942}") = "Chapter3_1", "Chapter3_1\Chapter3_1.vcxproj", "{BF0D0059-F306-44C9-A3EA-81A06C91475D}"
EndProject
Project("{8BC9CEB8-8B4A-11D0-8D11-00A0C91BC942}") = "Chapter3_8", "Chapter3_8\Chapter3_8.vcxproj", "{3A677335-5F72-4015-BE1D-76C76E0C2820}"
EndProject
Project("{8BC9CEB8-8B4A-11D0-8D11-00A0C91BC942}") = "Chapter3_9", "Chapter3_9\Chapter3_9.vcxproj", "{9AD8418A-BC89-44B7-823F-1C2ACA89AF96}"
EndProject
Project("{8BC9CEB8-8B4A-11D0-8D11-00A0C91BC942}") = "Chapter4_2", "Chapter4_2\Chapter4_2.vcxproj", "{A14F5A40-3F99-4EF2-B492-17D3A0270682}"
EndProject
Project("{8BC9CEB8-8B4A-11D0-8D11-00A0C91BC942}") = "Chapter6_1", "Chapter6_1\Chapter6_1.vcxproj", "{13F92E04-8FEF-4C36-BF3B-F985274BCDB5}"
EndProject
Project("{8BC9CEB8-8B4A-11D0-8D11-00A0C91BC942}") = "Chapter6_3", "Chapter6_3\Chapter6_3.vcxproj", "{96E78367-C1B3-4027-8236-D73A4974EEA6}"
EndProject
Project("{8BC9CEB8-8B4A-11D0-8D11-00A0C91BC942}") = "Chapter6_4", "Chapter6_4\Chapter6_4.vcxproj", "{4D55CBCF-A5A8-4D04-AB78-46A0B83B96CB}"
EndProject
Project("{8BC9CEB8-8B4A-11D0-8D11-00A0C91BC942}") = "Chapter6_5", "Chapter6_5\Chapter6_5.vcxproj", "{9BE78627-7788-426E-9B97-6498EB89073F}"
EndProject
Project("{8BC9CEB8-8B4A-11D0-8D11-00A0C91BC942}") = "Chapter6_7", "Chapter6_7\Chapter6_7.vcxproj", "{177507FD-F842-44E2-AD8E-A45AC8CEA6EF}"
EndProject
Project("{8BC9CEB8-8B4A-11D0-8D11-00A0C91BC942}") = "Chapter6_8", "Chapter6_8\Chapter6_8.vcxproj", "{21CBFCE2-A711-48A5-8279-ACA7CA28DC2A}"
EndProject
Project("{8BC9CEB8-8B4A-11D0-8D11-00A0C91BC942}") = "Chapter6_9", "Chapter6_9\Chapter6_9.vcxproj", "{D0EE51DA-2D2D-4372-803B-44833A480D0D}"
EndProject
Project("{8BC9CEB8-8B4A-11D0-8D11-00A0C91BC942}") = "Chapter6_10", "Chapter6_10\Chapter6_10.vcxproj", "{CD8DC0CA-0541-4F14-8632-4AA068205277}"
EndProject
Project("{8BC9CEB8-8B4A-11D0-8D11-00A0C91BC942}") = "Chapter6_11", "Chapter6_11\Chapter6_11.vcxproj", "{85894527-4B7B-42AF-A883-87CE5610F49D}"
EndProject
Project("{8BC9CEB8-8B4A-11D0-8D11-00A0C91BC942}") = "Chapter6_12", "Chapter6_12\Chapter6_12.vcxproj", "{527C2DF4-7CF9-4CB6-95DF-CDD023667353}"
EndProject
Project("{8BC9CEB8-8B4A-11D0-8D11-00A0C91BC942}") = "Chapter6_13", "Chapter6_13\Chapter6_13.vcxproj", "{E87FE7F0-EFFF-4498-AE0C-F089D31DF111}"
EndProject
Project("{8BC9CEB8-8B4A-11D0-8D11-00A0C91BC942}") = "Chapter6_16", "Chapter6_16\Chapter6_16.vcxproj", "{3CA40878-DB14-4A76-A962-1E1526FAF733}"
EndProject
Project("{8BC9CEB8-8B4A-11D0-8D11-00A0C91BC942}") = "Chapter6_17", "Chapter6_17\Chapter6_17.vcxproj", "{9ECA8843-5FAC-4D7A-A631-A3DD3594C420}"
EndProject
Project("{8BC9CEB8-8B4A-11D0-8D11-00A0C91BC942}") = "Chapter6_18", "Chapter6_18\Chapter6_18.vcxproj", "{6A46D94A-4E51-40D5-B9D8-607C08275F93}"
EndProject
Project("{8BC9CEB8-8B4A-11D0-8D11-00A0C91BC942}") = "Chapter6_19", "Chapter6_19\Chapter6_19.vcxproj", "{A49A2745-F100-40FE-961B-75862D8A829B}"
EndProject
Project("{8BC9CEB8-8B4A-11D0-8D11-00A0C91BC942}") = "Chapter6_20", "Chapter6_20\Chapter6_20.vcxproj", "{358FE0F4-D957-4B43-84DF-BD0C7C796D52}"
EndProject
Project("{8BC9CEB8-8B4A-11D0-8D11-00A0C91BC942}") = "Chapter6_21", "Chapter6_21\Chapter6_21.vcxproj", "{E3A8DC28-686F-48C4-ACCC-FC4E79F8F190}"
EndProject
Global
	GlobalSection(SolutionConfigurationPlatforms) = preSolution
		Debug|x64 = Debug|x64
		Debug|x86 = Debug|x86
		Release|x64 = Release|x64
		Release|x86 = Release|x86
	EndGlobalSection
	GlobalSection(ProjectConfigurationPlatforms) = postSolution
		{3A36BADE-7518-4E7D-9C99-F27E28D9B60C}.Debug|x64.ActiveCfg = Debug|x64
		{3A36BADE-7518-4E7D-9C99-F27E28D9B60C}.Debug|x64.Build.0 = Debug|x64
		{3A36BADE-7518-4E7D-9C99-F27E28D9B60C}.Debug|x86.ActiveCfg = Debug|Win32
		{3A36BADE-7518-4E7D-9C99-F27E28D9B60C}.Debug|x86.Build.0 = Debug|Win32
		{3A36BADE-7518-4E7D-9C99-F27E28D9B60C}.Release|x64.ActiveCfg = Release|x64
		{3A36BADE-7518-4E7D-9C99-F27E28D9B60C}.Release|x64.Build.0 = Release|x64
		{3A36BADE-7518-4E7D-9C99-F27E28D9B60C}.Release|x86.ActiveCfg = Release|Win32
		{3A36BADE-7518-4E7D-9C99-F27E28D9B60C}.Release|x86.Build.0 = Release|Win32
		{8F2C0E7E-3403-4DC1-B2CD-D6E922BC7BCB}.Debug|x64.ActiveCfg = Debug|x64
		{8F2C0E7E-3403-4DC1-B2CD-D6E922BC7BCB}.Debug|x64.Build.0 = Debug|x64
		{8F2C0E7E-3403-4DC1-B2CD-D6E922BC7BCB}.Debug|x86.ActiveCfg = Debug|Win32
		{8F2C0E7E-3403-4DC1-B2CD-D6E922BC7BCB}.Debug|x86.Build.0 = Debug|Win32
		{8F2C0E7E-3403-4DC1-B2CD-D6E922BC7BCB}.Release|x64.ActiveCfg = Release|x64
		{8F2C0E7E-3403-4DC1-B2CD-D6E922BC7BCB}.Release|x64.Build.0 = Release|x64
		{8F2C0E7E-3403-4DC1-B2CD-D6E922BC7BCB}.Release|x86.ActiveCfg = Release|Win32
		{8F2C0E7E-3403-4DC1-B2CD-D6E922BC7BCB}.Release|x86.Build.0 = Release|Win32
		{B720C09E-2605-48BE-ACAA-75C5FBC5258A}.Debug|x64.ActiveCfg = Debug|x64
		{B720C09E-2605-48BE-ACAA-75C5FBC5258A}.Debug|x64.Build.0 = Debug|x64
		{B720C09E-2605-48BE-ACAA-75C5FBC5258A}.Debug|x86.ActiveCfg = Debug|Win32
		{B720C09E-2605-48BE-ACAA-75C5FBC5258A}.Debug|x86.Build.0 = Debug|Win32
		{B720C09E-2605-48BE-ACAA-75C5FBC5258A}.Release|x64.ActiveCfg = Release|x64
		{B720C09E-2605-48BE-ACAA-75C5FBC5258A}.Release|x64.Build.0 = Release|x64
		{B720C09E-2605-48BE-ACAA-75C5FBC5258A}.Release|x86.ActiveCfg = Release|Win32
		{B720C09E-2605-48BE-ACAA-75C5FBC5258A}.Release|x86.Build.0 = Release|Win32
		{B2699A61-D455-47A4-A1E5-C1769CC8D0F9}.Debug|x64.ActiveCfg = Debug|x64
		{B2699A61-D455-47A4-A1E5-C1769CC8D0F9}.Debug|x64.Build.0 = Debug|x64
		{B2699A61-D455-47A4-A1E5-C1769CC8D0F9}.Debug|x86.ActiveCfg = Debug|Win32
		{B2699A61-D455-47A4-A1E5-C1769CC8D0F9}.Debug|x86.Build.0 = Debug|Win32
		{B2699A61-D455-47A4-A1E5-C1769CC8D0F9}.Release|x64.ActiveCfg = Release|x64
		{B2699A61-D455-47A4-A1E5-C1769CC8D0F9}.Release|x64.Build.0 = Release|x64
		{B2699A61-D455-47A4-A1E5-C1769CC8D0F9}.Release|x86.ActiveCfg = Release|Win32
		{B2699A61-D455-47A4-A1E5-C1769CC8D0F9}.Release|x86.Build.0 = Release|Win32
		{A9539D46-281E-4A8E-A669-BC9465EC8FB6}.Debug|x64.ActiveCfg = Debug|x64
		{A9539D46-281E-4A8E-A669-BC9465EC8FB6}.Debug|x64.Build.0 = Debug|x64
		{A9539D46-281E-4A8E-A669-BC9465EC8FB6}.Debug|x86.ActiveCfg = Debug|Win32
		{A9539D46-281E-4A8E-A669-BC9465EC8FB6}.Debug|x86.Build.0 = Debug|Win32
		{A9539D46-281E-4A8E-A669-BC9465EC8FB6}.Release|x64.ActiveCfg = Release|x64
		{A9539D46-281E-4A8E-A669-BC9465EC8FB6}.Release|x64.Build.0 = Release|x64
		{A9539D46-281E-4A8E-A669-BC9465EC8FB6}.Release|x86.ActiveCfg = Release|Win32
		{A9539D46-281E-4A8E-A669-BC9465EC8FB6}.Release|x86.Build.0 = Release|Win32
		{762C8676-154D-423C-8544-E4745209E2CF}.Debug|x64.ActiveCfg = Debug|x64
		{762C8676-154D-423C-8544-E4745209E2CF}.Debug|x64.Build.0 = Debug|x64
		{762C8676-154D-423C-8544-E4745209E2CF}.Debug|x86.ActiveCfg = Debug|Win32
		{762C8676-154D-423C-8544-E4745209E2CF}.Debug|x86.Build.0 = Debug|Win32
		{762C8676-154D-423C-8544-E4745209E2CF}.Release|x64.ActiveCfg = Release|x64
		{762C8676-154D-423C-8544-E4745209E2CF}.Release|x64.Build.0 = Release|x64
		{762C8676-154D-423C-8544-E4745209E2CF}.Release|x86.ActiveCfg = Release|Win32
		{762C8676-154D-423C-8544-E4745209E2CF}.Release|x86.Build.0 = Release|Win32
		{1F12FAFE-091F-4606-82E7-24F2EA152819}.Debug|x64.ActiveCfg = Debug|x64
		{1F12FAFE-091F-4606-82E7-24F2EA152819}.Debug|x64.Build.0 = Debug|x64
		{1F12FAFE-091F-4606-82E7-24F2EA152819}.Debug|x86.ActiveCfg = Debug|Win32
		{1F12FAFE-091F-4606-82E7-24F2EA152819}.Debug|x86.Build.0 = Debug|Win32
		{1F12FAFE-091F-4606-82E7-24F2EA152819}.Release|x64.ActiveCfg = Release|x64
		{1F12FAFE-091F-4606-82E7-24F2EA152819}.Release|x64.Build.0 = Release|x64
		{1F12FAFE-091F-4606-82E7-24F2EA152819}.Release|x86.ActiveCfg = Release|Win32
		{1F12FAFE-091F-4606-82E7-24F2EA152819}.Release|x86.Build.0 = Release|Win32
		{A78E41B7-D1D3-43F4-9E21-E7E7A025572C}.Debug|x64.ActiveCfg = Debug|x64
		{A78E41B7-D1D3-43F4-9E21-E7E7A025572C}.Debug|x64.Build.0 = Debug|x64
		{A78E41B7-D1D3-43F4-9E21-E7E7A025572C}.Debug|x86.ActiveCfg = Debug|Win32
		{A78E41B7-D1D3-43F4-9E21-E7E7A025572C}.Debug|x86.Build.0 = Debug|Win32
		{A78E41B7-D1D3-43F4-9E21-E7E7A025572C}.Release|x64.ActiveCfg = Release|x64
		{A78E41B7-D1D3-43F4-9E21-E7E7A025572C}.Release|x64.Build.0 = Release|x64
		{A78E41B7-D1D3-43F4-9E21-E7E7A025572C}.Release|x86.ActiveCfg = Release|Win32
		{A78E41B7-D1D3-43F4-9E21-E7E7A025572C}.Release|x86.Build.0 = Release|Win32
		{CA56E073-D0CD-4096-B1E5-893B6175AA92}.Debug|x64.ActiveCfg = Debug|x64
		{CA56E073-D0CD-4096-B1E5-893B6175AA92}.Debug|x64.Build.0 = Debug|x64
		{CA56E073-D0CD-4096-B1E5-893B6175AA92}.Debug|x86.ActiveCfg = Debug|Win32
		{CA56E073-D0CD-4096-B1E5-893B6175AA92}.Debug|x86.Build.0 = Debug|Win32
		{CA56E073-D0CD-4096-B1E5-893B6175AA92}.Release|x64.ActiveCfg = Release|x64
		{CA56E073-D0CD-4096-B1E5-893B6175AA92}.Release|x64.Build.0 = Release|x64
		{CA56E073-D0CD-4096-B1E5-893B6175AA92}.Release|x86.ActiveCfg = Release|Win32
		{CA56E073-D0CD-4096-B1E5-893B6175AA92}.Release|x86.Build.0 = Release|Win32
		{6BCEFE50-8534-4DAA-A5A5-F00EC96D7933}.Debug|x64.ActiveCfg = Debug|x64
		{6BCEFE50-8534-4DAA-A5A5-F00EC96D7933}.Debug|x64.Build.0 = Debug|x64
		{6BCEFE50-8534-4DAA-A5A5-F00EC96D7933}.Debug|x86.ActiveCfg = Debug|Win32
		{6BCEFE50-8534-4DAA-A5A5-F00EC96D7933}.Debug|x86.Build.0 = Debug|Win32
		{6BCEFE50-8534-4DAA-A5A5-F00EC96D7933}.Release|x64.ActiveCfg = Release|x64
		{6BCEFE50-8534-4DAA-A5A5-F00EC96D7933}.Release|x64.Build.0 = Release|x64
		{6BCEFE50-8534-4DAA-A5A5-F00EC96D7933}.Release|x86.ActiveCfg = Release|Win32
		{6BCEFE50-8534-4DAA-A5A5-F00EC96D7933}.Release|x86.Build.0 = Release|Win32
		{603D5CE5-C64C-46D6-A0FF-33BCBAA6BD0C}.Debug|x64.ActiveCfg = Debug|x64
		{603D5CE5-C64C-46D6-A0FF-33BCBAA6BD0C}.Debug|x64.Build.0 = Debug|x64
		{603D5CE5-C64C-46D6-A0FF-33BCBAA6BD0C}.Debug|x86.ActiveCfg = Debug|Win32
		{603D5CE5-C64C-46D6-A0FF-33BCBAA6BD0C}.Debug|x86.Build.0 = Debug|Win32
		{603D5CE5-C64C-46D6-A0FF-33BCBAA6BD0C}.Release|x64.ActiveCfg = Release|x64
		{603D5CE5-C64C-46D6-A0FF-33BCBAA6BD0C}.Release|x64.Build.0 = Release|x64
		{603D5CE5-C64C-46D6-A0FF-33BCBAA6BD0C}.Release|x86.ActiveCfg = Release|Win32
		{603D5CE5-C64C-46D6-A0FF-33BCBAA6BD0C}.Release|x86.Build.0 = Release|Win32
		{1A5FC451-3005-4580-8977-5E60928B4497}.Debug|x64.ActiveCfg = Debug|x64
		{1A5FC451-3005-4580-8977-5E60928B4497}.Debug|x64.Build.0 = Debug|x64
		{1A5FC451-3005-4580-8977-5E60928B4497}.Debug|x86.ActiveCfg = Debug|Win32
		{1A5FC451-3005-4580-8977-5E60928B4497}.Debug|x86.Build.0 = Debug|Win32
		{1A5FC451-3005-4580-8977-5E60928B4497}.Release|x64.ActiveCfg = Release|x64
		{1A5FC451-3005-4580-8977-5E60928B4497}.Release|x64.Build.0 = Release|x64
		{1A5FC451-3005-4580-8977-5E60928B4497}.Release|x86.ActiveCfg = Release|Win32
		{1A5FC451-3005-4580-8977-5E60928B4497}.Release|x86.Build.0 = Release|Win32
		{971674A2-5CBF-470A-9657-7854BB7A425F}.Debug|x64.ActiveCfg = Debug|x64
		{971674A2-5CBF-470A-9657-7854BB7A425F}.Debug|x64.Build.0 = Debug|x64
		{971674A2-5CBF-470A-9657-7854BB7A425F}.Debug|x86.ActiveCfg = Debug|Win32
		{971674A2-5CBF-470A-9657-7854BB7A425F}.Debug|x86.Build.0 = Debug|Win32
		{971674A2-5CBF-470A-9657-7854BB7A425F}.Release|x64.ActiveCfg = Release|x64
		{971674A2-5CBF-470A-9657-7854BB7A425F}.Release|x64.Build.0 = Release|x64
		{971674A2-5CBF-470A-9657-7854BB7A425F}.Release|x86.ActiveCfg = Release|Win32
		{971674A2-5CBF-470A-9657-7854BB7A425F}.Release|x86.Build.0 = Release|Win32
		{DAA974BD-2917-4C2F-99CC-873474549748}.Debug|x64.ActiveCfg = Debug|x64
		{DAA974BD-2917-4C2F-99CC-873474549748}.Debug|x64.Build.0 = Debug|x64
		{DAA974BD-2917-4C2F-99CC-873474549748}.Debug|x86.ActiveCfg = Debug|Win32
		{DAA974BD-2917-4C2F-99CC-873474549748}.Debug|x86.Build.0 = Debug|Win32
		{DAA974BD-2917-4C2F-99CC-873474549748}.Release|x64.ActiveCfg = Release|x64
		{DAA974BD-2917-4C2F-99CC-873474549748}.Release|x64.Build.0 = Release|x64
		{DAA974BD-2917-4C2F-99CC-873474549748}.Release|x86.ActiveCfg = Release|Win32
		{DAA974BD-2917-4C2F-99CC-873474549748}.Release|x86.Build.0 = Release|Win32
		{9804D461-A267-48DF-9B30-6C366DD36984}.Debug|x64.ActiveCfg = Debug|x64
		{9804D461-A267-48DF-9B30-6C366DD36984}.Debug|x64.Build.0 = Debug|x64
		{9804D461-A267-48DF-9B30-6C366DD36984}.Debug|x86.ActiveCfg = Debug|Win32
		{9804D461-A267-48DF-9B30-6C366DD36984}.Debug|x86.Build.0 = Debug|Win32
		{9804D461-A267-48DF-9B30-6C366DD36984}.Release|x64.ActiveCfg = Release|x64
		{9804D461-A267-48DF-9B30-6C366DD36984}.Release|x64.Build.0 = Release|x64
		{9804D461-A267-48DF-9B30-6C366DD36984}.Release|x86.ActiveCfg = Release|Win32
		{9804D461-A267-48DF-9B30-6C366DD36984}.Release|x86.Build.0 = Release|Win32
		{BF0D0059-F306-44C9-A3EA-81A06C91475D}.Debug|x64.ActiveCfg = Debug|x64
		{BF0D0059-F306-44C9-A3EA-81A06C91475D}.Debug|x64.Build.0 = Debug|x64
		{BF0D0059-F306-44C9-A3EA-81A06C91475D}.Debug|x86.ActiveCfg = Debug|Win32
		{BF0D0059-F306-44C9-A3EA-81A06C91475D}.Debug|x86.Build.0 = Debug|Win32
		{BF0D0059-F306-44C9-A3EA-81A06C91475D}.Release|x64.ActiveCfg = Release|x64
		{BF0D0059-F306-44C9-A3EA-81A06C91475D}.Release|x64.Build.0 = Release|x64
		{BF0D0059-F306-44C9-A3EA-81A06C91475D}.Release|x86.ActiveCfg = Release|Win32
		{BF0D0059-F306-44C9-A3EA-81A06C91475D}.Release|x86.Build.0 = Release|Win32
		{3A677335-5F72-4015-BE1D-76C76E0C2820}.Debug|x64.ActiveCfg = Debug|x64
		{3A677335-5F72-4015-BE1D-76C76E0C2820}.Debug|x64.Build.0 = Debug|x64
		{3A677335-5F72-4015-BE1D-76C76E0C2820}.Debug|x86.ActiveCfg = Debug|Win32
		{3A677335-5F72-4015-BE1D-76C76E0C2820}.Debug|x86.Build.0 = Debug|Win32
		{3A677335-5F72-4015-BE1D-76C76E0C2820}.Release|x64.ActiveCfg = Release|x64
		{3A677335-5F72-4015-BE1D-76C76E0C2820}.Release|x64.Build.0 = Release|x64
		{3A677335-5F72-4015-BE1D-76C76E0C2820}.Release|x86.ActiveCfg = Release|Win32
		{3A677335-5F72-4015-BE1D-76C76E0C2820}.Release|x86.Build.0 = Release|Win32
		{9AD8418A-BC89-44B7-823F-1C2ACA89AF96}.Debug|x64.ActiveCfg = Debug|x64
		{9AD8418A-BC89-44B7-823F-1C2ACA89AF96}.Debug|x64.Build.0 = Debug|x64
		{9AD8418A-BC89-44B7-823F-1C2ACA89AF96}.Debug|x86.ActiveCfg = Debug|Win32
		{9AD8418A-BC89-44B7-823F-1C2ACA89AF96}.Debug|x86.Build.0 = Debug|Win32
		{9AD8418A-BC89-44B7-823F-1C2ACA89AF96}.Release|x64.ActiveCfg = Release|x64
		{9AD8418A-BC89-44B7-823F-1C2ACA89AF96}.Release|x64.Build.0 = Release|x64
		{9AD8418A-BC89-44B7-823F-1C2ACA89AF96}.Release|x86.ActiveCfg = Release|Win32
		{9AD8418A-BC89-44B7-823F-1C2ACA89AF96}.Release|x86.Build.0 = Release|Win32
		{A14F5A40-3F99-4EF2-B492-17D3A0270682}.Debug|x64.ActiveCfg = Debug|x64
		{A14F5A40-3F99-4EF2-B492-17D3A0270682}.Debug|x64.Build.0 = Debug|x64
		{A14F5A40-3F99-4EF2-B492-17D3A0270682}.Debug|x86.ActiveCfg = Debug|Win32
		{A14F5A40-3F99-4EF2-B492-17D3A0270682}.Debug|x86.Build.0 = Debug|Win32
		{A14F5A40-3F99-4EF2-B492-17D3A0270682}.Release|x64.ActiveCfg = Release|x64
		{A14F5A40-3F99-4EF2-B492-17D3A0270682}.Release|x64.Build.0 = Release|x64
		{A14F5A40-3F99-4EF2-B492-17D3A0270682}.Release|x86.ActiveCfg = Release|Win32
		{A14F5A40-3F99-4EF2-B492-17D3A0270682}.Release|x86.Build.0 = Release|Win32
		{13F92E04-8FEF-4C36-BF3B-F985274BCDB5}.Debug|x64.ActiveCfg = Debug|x64
		{13F92E04-8FEF-4C36-BF3B-F985274BCDB5}.Debug|x64.Build.0 = Debug|x64
		{13F92E04-8FEF-4C36-BF3B-F985274BCDB5}.Debug|x86.ActiveCfg = Debug|Win32
		{13F92E04-8FEF-4C36-BF3B-F985274BCDB5}.Debug|x86.Build.0 = Debug|Win32
		{13F92E04-8FEF-4C36-BF3B-F985274BCDB5}.Release|x64.ActiveCfg = Release|x64
		{13F92E04-8FEF-4C36-BF3B-F985274BCDB5}.Release|x64.Build.0 = Release|x64
		{13F92E04-8FEF-4C36-BF3B-F985274BCDB5}.Release|x86.ActiveCfg = Release|Win32
		{13F92E04-8FEF-4C36-BF3B-F985274BCDB5}.Release|x86.Build.0 = Release|Win32
		{96E78367-C1B3-4027-8236-D73A4974EEA6}.Debug|x64.ActiveCfg = Debug|x64
		{96E78367-C1B3-4027-8236-D73A4974EEA6}.Debug|x64.Build.0 = Debug|x64
		{96E78367-C1B3-4027-8236-D73A4974EEA6}.Debug|x86.ActiveCfg = Debug|Win32
		{96E78367-C1B3-4027-8236-D73A4974EEA6}.Debug|x86.Build.0 = Debug|Win32
		{96E78367-C1B3-4027-8236-D73A4974EEA6}.Release|x64.ActiveCfg = Release|x64
		{96E78367-C1B3-4027-8236-D73A4974EEA6}.Release|x64.Build.0 = Release|x64
		{96E78367-C1B3-4027-8236-D73A4974EEA6}.Release|x86.ActiveCfg = Release|Win32
		{96E78367-C1B3-4027-8236-D73A4974EEA6}.Release|x86.Build.0 = Release|Win32
		{4D55CBCF-A5A8-4D04-AB78-46A0B83B96CB}.Debug|x64.ActiveCfg = Debug|x64
		{4D55CBCF-A5A8-4D04-AB78-46A0B83B96CB}.Debug|x64.Build.0 = Debug|x64
		{4D55CBCF-A5A8-4D04-AB78-46A0B83B96CB}.Debug|x86.ActiveCfg = Debug|Win32
		{4D55CBCF-A5A8-4D04-AB78-46A0B83B96CB}.Debug|x86.Build.0 = Debug|Win32
		{4D55CBCF-A5A8-4D04-AB78-46A0B83B96CB}.Release|x64.ActiveCfg = Release|x64
		{4D55CBCF-A5A8-4D04-AB78-46A0B83B96CB}.Release|x64.Build.0 = Release|x64
		{4D55CBCF-A5A8-4D04-AB78-46A0B83B96CB}.Release|x86.ActiveCfg = Release|Win32
		{4D55CBCF-A5A8-4D04-AB78-46A0B83B96CB}.Release|x86.Build.0 = Release|Win32
		{9BE78627-7788-426E-9B97-6498EB89073F}.Debug|x64.ActiveCfg = Debug|x64
		{9BE78627-7788-426E-9B97-6498EB89073F}.Debug|x64.Build.0 = Debug|x64
		{9BE78627-7788-426E-9B97-6498EB89073F}.Debug|x86.ActiveCfg = Debug|Win32
		{9BE78627-7788-426E-9B97-6498EB89073F}.Debug|x86.Build.0 = Debug|Win32
		{9BE78627-7788-426E-9B97-6498EB89073F}.Release|x64.ActiveCfg = Release|x64
		{9BE78627-7788-426E-9B97-6498EB89073F}.Release|x64.Build.0 = Release|x64
		{9BE78627-7788-426E-9B97-6498EB89073F}.Release|x86.ActiveCfg = Release|Win32
		{9BE78627-7788-426E-9B97-6498EB89073F}.Release|x86.Build.0 = Release|Win32
		{177507FD-F842-44E2-AD8E-A45AC8CEA6EF}.Debug|x64.ActiveCfg = Debug|x64
		{177507FD-F842-44E2-AD8E-A45AC8CEA6EF}.Debug|x64.Build.0 = Debug|x64
		{177507FD-F842-44E2-AD8E-A45AC8CEA6EF}.Debug|x86.ActiveCfg = Debug|Win32
		{177507FD-F842-44E2-AD8E-A45AC8CEA6EF}.Debug|x86.Build.0 = Debug|Win32
		{177507FD-F842-44E2-AD8E-A45AC8CEA6EF}.Release|x64.ActiveCfg = Release|x64
		{177507FD-F842-44E2-AD8E-A45AC8CEA6EF}.Release|x64.Build.0 = Release|x64
		{177507FD-F842-44E2-AD8E-A45AC8CEA6EF}.Release|x86.ActiveCfg = Release|Win32
		{177507FD-F842-44E2-AD8E-A45AC8CEA6EF}.Release|x86.Build.0 = Release|Win32
		{21CBFCE2-A711-48A5-8279-ACA7CA28DC2A}.Debug|x64.ActiveCfg = Debug|x64
		{21CBFCE2-A711-48A5-8279-ACA7CA28DC2A}.Debug|x64.Build.0 = Debug|x64
		{21CBFCE2-A711-48A5-8279-ACA7CA28DC2A}.Debug|x86.ActiveCfg = Debug|Win32
		{21CBFCE2-A711-48A5-8279-ACA7CA28DC2A}.Debug|x86.Build.0 = Debug|Win32
		{21CBFCE2-A711-48A5-8279-ACA7CA28DC2A}.Release|x64.ActiveCfg = Release|x64
		{21CBFCE2-A711-48A5-8279-ACA7CA28DC2A}.Release|x64.Build.0 = Release|x64
		{21CBFCE2-A711-48A5-8279-ACA7CA28DC2A}.Release|x86.ActiveCfg = Release|Win32
		{21CBFCE2-A711-48A5-8279-ACA7CA28DC2A}.Release|x86.Build.0 = Release|Win32
		{D0EE51DA-2D2D-4372-803B-44833A480D0D}.Debug|x64.ActiveCfg = Debug|x64
		{D0EE51DA-2D2D-4372-803B-44833A480D0D}.Debug|x64.Build.0 = Debug|x64
		{D0EE51DA-2D2D-4372-803B-44833A480D0D}.Debug|x86.ActiveCfg = Debug|Win32
		{D0EE51DA-2D2D-4372-803B-44833A480D0D}.Debug|x86.Build.0 = Debug|Win32
		{D0EE51DA-2D2D-4372-803B-44833A480D0D}.Release|x64.ActiveCfg = Release|x64
		{D0EE51DA-2D2D-4372-803B-44833A480D0D}.Release|x64.Build.0 = Release|x64
		{D0EE51DA-2D2D-4372-803B-44833A480D0D}.Release|x86.ActiveCfg = Release|Win32
		{D0EE51DA-2D2D-4372-803B-44833A480D0D}.Release|x86.Build.0 = Release|Win32
		{CD8DC0CA-0541-4F14-8632-4AA068205277}.Debug|x64.ActiveCfg = Debug|x64
		{CD8DC0CA-0541-4F14-8632-4AA068205277}.Debug|x64.Build.0 = Debug|x64
		{CD8DC0CA-0541-4F14-8632-4AA068205277}.Debug|x86.ActiveCfg = Debug|Win32
		{CD8DC0CA-0541-4F14-8632-4AA068205277}.Debug|x86.Build.0 = Debug|Win32
		{CD8DC0CA-0541-4F14-8632-4AA068205277}.Release|x64.ActiveCfg = Release|x64
		{CD8DC0CA-0541-4F14-8632-4AA068205277}.Release|x64.Build.0 = Release|x64
		{CD8DC0CA-0541-4F14-8632-4AA068205277}.Release|x86.ActiveCfg = Release|Win32
		{CD8DC0CA-0541-4F14-8632-4AA068205277}.Release|x86.Build.0 = Release|Win32
		{85894527-4B7B-42AF-A883-87CE5610F49D}.Debug|x64.ActiveCfg = Debug|x64
		{85894527-4B7B-42AF-A883-87CE5610F49D}.Debug|x64.Build.0 = Debug|x64
		{85894527-4B7B-42AF-A883-87CE5610F49D}.Debug|x86.ActiveCfg = Debug|Win32
		{85894527-4B7B-42AF-A883-87CE5610F49D}.Debug|x86.Build.0 = Debug|Win32
		{85894527-4B7B-42AF-A883-87CE5610F49D}.Release|x64.ActiveCfg = Release|x64
		{85894527-4B7B-42AF-A883-87CE5610F49D}.Release|x64.Build.0 = Release|x64
		{85894527-4B7B-42AF-A883-87CE5610F49D}.Release|x86.ActiveCfg = Release|Win32
		{85894527-4B7B-42AF-A883-87CE5610F49D}.Release|x86.Build.0 = Release|Win32
		{527C2DF4-7CF9-4CB6-95DF-CDD023667353}.Debug|x64.ActiveCfg = Debug|x64
		{527C2DF4-7CF9-4CB6-95DF-CDD023667353}.Debug|x64.Build.0 = Debug|x64
		{527C2DF4-7CF9-4CB6-95DF-CDD023667353}.Debug|x86.ActiveCfg = Debug|Win32
		{527C2DF4-7CF9-4CB6-95DF-CDD023667353}.Debug|x86.Build.0 = Debug|Win32
		{527C2DF4-7CF9-4CB6-95DF-CDD023667353}.Release|x64.ActiveCfg = Release|x64
		{527C2DF4-7CF9-4CB6-95DF-CDD023667353}.Release|x64.Build.0 = Release|x64
		{527C2DF4-7CF9-4CB6-95DF-CDD023667353}.Release|x86.ActiveCfg = Release|Win32
		{527C2DF4-7CF9-4CB6-95DF-CDD023667353}.Release|x86.Build.0 = Release|Win32
		{E87FE7F0-EFFF-4498-AE0C-F089D31DF111}.Debug|x64.ActiveCfg = Debug|x64
		{E87FE7F0-EFFF-4498-AE0C-F089D31DF111}.Debug|x64.Build.0 = Debug|x64
		{E87FE7F0-EFFF-4498-AE0C-F089D31DF111}.Debug|x86.ActiveCfg = Debug|Win32
		{E87FE7F0-EFFF-4498-AE0C-F089D31DF111}.Debug|x86.Build.0 = Debug|Win32
		{E87FE7F0-EFFF-4498-AE0C-F089D31DF111}.Release|x64.ActiveCfg = Release|x64
		{E87FE7F0-EFFF-4498-AE0C-F089D31DF111}.Release|x64.Build.0 = Release|x64
		{E87FE7F0-EFFF-4498-AE0C-F089D31DF111}.Release|x86.ActiveCfg = Release|Win32
		{E87FE7F0-EFFF-4498-AE0C-F089D31DF111}.Release|x86.Build.0 = Release|Win32
		{3CA40878-DB14-4A76-A962-1E1526FAF733}.Debug|x64.ActiveCfg = Debug|x64
		{3CA40878-DB14-4A76-A962-1E1526FAF733}.Debug|x64.Build.0 = Debug|x64
		{3CA40878-DB14-4A76-A962-1E1526FAF733}.Debug|x86.ActiveCfg = Debug|Win32
		{3CA40878-DB14-4A76-A962-1E1526FAF733}.Debug|x86.Build.0 = Debug|Win32
		{3CA40878-DB14-4A76-A962-1E1526FAF733}.Release|x64.ActiveCfg = Release|x64
		{3CA40878-DB14-4A76-A962-1E1526FAF733}.Release|x64.Build.0 = Release|x64
		{3CA40878-DB14-4A76-A962-1E1526FAF733}.Release|x86.ActiveCfg = Release|Win32
		{3CA40878-DB14-4A76-A962-1E1526FAF733}.Release|x86.Build.0 = Release|Win32
		{9ECA8843-5FAC-4D7A-A631-A3DD3594C420}.Debug|x64.ActiveCfg = Debug|x64
		{9ECA8843-5FAC-4D7A-A631-A3DD3594C420}.Debug|x64.Build.0 = Debug|x64
		{9ECA8843-5FAC-4D7A-A631-A3DD3594C420}.Debug|x86.ActiveCfg = Debug|Win32
		{9ECA8843-5FAC-4D7A-A631-A3DD3594C420}.Debug|x86.Build.0 = Debug|Win32
		{9ECA8843-5FAC-4D7A-A631-A3DD3594C420}.Release|x64.ActiveCfg = Release|x64
		{9ECA8843-5FAC-4D7A-A631-A3DD3594C420}.Release|x64.Build.0 = Release|x64
		{9ECA8843-5FAC-4D7A-A631-A3DD3594C420}.Release|x86.ActiveCfg = Release|Win32
		{9ECA8843-5FAC-4D7A-A631-A3DD3594C420}.Release|x86.Build.0 = Release|Win32
		{6A46D94A-4E51-40D5-B9D8-607C08275F93}.Debug|x64.ActiveCfg = Debug|x64
		{6A46D94A-4E51-40D5-B9D8-607C08275F93}.Debug|x64.Build.0 = Debug|x64
		{6A46D94A-4E51-40D5-B9D8-607C08275F93}.Debug|x86.ActiveCfg = Debug|Win32
		{6A46D94A-4E51-40D5-B9D8-607C08275F93}.Debug|x86.Build.0 = Debug|Win32
		{6A46D94A-4E51-40D5-B9D8-607C08275F93}.Release|x64.ActiveCfg = Release|x64
		{6A46D94A-4E51-40D5-B9D8-607C08275F93}.Release|x64.Build.0 = Release|x64
		{6A46D94A-4E51-40D5-B9D8-607C08275F93}.Release|x86.ActiveCfg = Release|Win32
		{6A46D94A-4E51-40D5-B9D8-607C08275F93}.Release|x86.Build.0 = Release|Win32
		{A49A2745-F100-40FE-961B-75862D8A829B}.Debug|x64.ActiveCfg = Debug|x64
		{A49A2745-F100-40FE-961B-75862D8A829B}.Debug|x64.Build.0 = Debug|x64
		{A49A2745-F100-40FE-961B-75862D8A829B}.Debug|x86.ActiveCfg = Debug|Win32
		{A49A2745-F100-40FE-961B-75862D8A829B}.Debug|x86.Build.0 = Debug|Win32
		{A49A2745-F100-40FE-961B-75862D8A829B}.Release|x64.ActiveCfg = Release|x64
		{A49A2745-F100-40FE-961B-75862D8A829B}.Release|x64.Build.0 = Release|x64
		{A49A2745-F100-40FE-961B-75862D8A829B}.Release|x86.ActiveCfg = Release|Win32
		{A49A2745-F100-40FE-961B-75862D8A829B}.Release|x86.Build.0 = Release|Win32
		{358FE0F4-D957-4B43-84DF-BD0C7C796D52}.Debug|x64.ActiveCfg = Debug|x64
		{358FE0F4-D957-4B43-84DF-BD0C7C796D52}.Debug|x64.Build.0 = Debug|x64
		{358FE0F4-D957-4B43-84DF-BD0C7C796D52}.Debug|x86.ActiveCfg = Debug|Win32
		{358FE0F4-D957-4B43-84DF-BD0C7C796D52}.Debug|x86.Build.0 = Debug|Win32
		{358FE0F4-D957-4B43-84DF-BD0C7C796D52}.Release|x64.ActiveCfg = Release|x64
		{358FE0F4-D957-4B43-84DF-BD0C7C796D52}.Release|x64.Build.0 = Release|x64
		{358FE0F4-D957-4B43-84DF-BD0C7C796D52}.Release|x86.ActiveCfg = Release|Win32
		{358FE0F4-D957-4B43-84DF-BD0C7C796D52}.Release|x86.Build.0 = Release|Win32
		{E3A8DC28-686F-48C4-ACCC-FC4E79F8F190}.Debug|x64.ActiveCfg = Debug|x64
		{E3A8DC28-686F-48C4-ACCC-FC4E79F8F190}.Debug|x64.Build.0 = Debug|x64
		{E3A8DC28-686F-48C4-ACCC-FC4E79F8F190}.Debug|x86.ActiveCfg = Debug|Win32
		{E3A8DC28-686F-48C4-ACCC-FC4E79F8F190}.Debug|x86.Build.0 = Debug|Win32
		{E3A8DC28-686F-48C4-ACCC-FC4E79F8F190}.Release|x64.ActiveCfg = Release|x64
		{E3A8DC28-686F-48C4-ACCC-FC4E79F8F190}.Release|x64.Build.0 = Release|x64
		{E3A8DC28-686F-48C4-ACCC-FC4E79F8F190}.Release|x86.ActiveCfg = Release|Win32
		{E3A8DC28-686F-48C4-ACCC-FC4E79F8F190}.Release|x86.Build.0 = Release|Win32
	EndGlobalSection
	GlobalSection(SolutionProperties) = preSolution
		HideSolutionNode = FALSE
	EndGlobalSection
	GlobalSection(ExtensibilityGlobals) = postSolution
		SolutionGuid = {C55E124C-C442-4CAA-8FD8-ABB72F40BEF4}
	EndGlobalSection
EndGlobal
