
Microsoft Visual Studio Solution File, Format Version 12.00
# Visual Studio Version 17
VisualStudioVersion = 17.5.33516.290
MinimumVisualStudioVersion = 10.0.40219.1
Project("{8BC9CEB8-8B4A-11D0-8D11-00A0C91BC942}") = "Chapter1_1", "Chapter1_1\Chapter1_1.vcxproj", "{3A36BADE-7518-4E7D-9C99-F27E28D9B60C}"
EndProject
Project("{8BC9CEB8-8B4A-11D0-8D11-00A0C91BC942}") = "Chapter1_3", "Chapter1_3\Chapter1_3.vcxproj", "{8F2C0E7E-3403-4DC1-B2CD-D6E922BC7BCB}"
EndProject
Project("{8BC9CEB8-8B4A-11D0-8D11-00A0C91BC942}") = "Chapter1_4", "Chapter1_4\Chapter1_4.vcxproj", "{B720C09E-2605-48BE-ACAA-75C5FBC5258A}"
EndProject
Project("{8BC9CEB8-8B4A-11D0-8D11-00A0C91BC942}") = "Chapter1_5", "Chapter1_5\Chapter1_5.vcxproj", "{B2699A61-D455-47A4-A1E5-C1769CC8D0F9}"
EndProject
Global
	GlobalSection(SolutionConfigurationPlatforms) = preSolution
		Debug|x64 = Debug|x64
		Debug|x86 = Debug|x86
		Release|x64 = Release|x64
		Release|x86 = Release|x86
	EndGlobalSection
	GlobalSection(ProjectConfigurationPlatforms) = postSolution
		{3A36BADE-7518-4E7D-9C99-F27E28D9B60C}.Debug|x64.ActiveCfg = Debug|x64
		{3A36BADE-7518-4E7D-9C99-F27E28D9B60C}.Debug|x64.Build.0 = Debug|x64
		{3A36BADE-7518-4E7D-9C99-F27E28D9B60C}.Debug|x86.ActiveCfg = Debug|Win32
		{3A36BADE-7518-4E7D-9C99-F27E28D9B60C}.Debug|x86.Build.0 = Debug|Win32
		{3A36BADE-7518-4E7D-9C99-F27E28D9B60C}.Release|x64.ActiveCfg = Release|x64
		{3A36BADE-7518-4E7D-9C99-F27E28D9B60C}.Release|x64.Build.0 = Release|x64
		{3A36BADE-7518-4E7D-9C99-F27E28D9B60C}.Release|x86.ActiveCfg = Release|Win32
		{3A36BADE-7518-4E7D-9C99-F27E28D9B60C}.Release|x86.Build.0 = Release|Win32
		{8F2C0E7E-3403-4DC1-B2CD-D6E922BC7BCB}.Debug|x64.ActiveCfg = Debug|x64
		{8F2C0E7E-3403-4DC1-B2CD-D6E922BC7BCB}.Debug|x64.Build.0 = Debug|x64
		{8F2C0E7E-3403-4DC1-B2CD-D6E922BC7BCB}.Debug|x86.ActiveCfg = Debug|Win32
		{8F2C0E7E-3403-4DC1-B2CD-D6E922BC7BCB}.Debug|x86.Build.0 = Debug|Win32
		{8F2C0E7E-3403-4DC1-B2CD-D6E922BC7BCB}.Release|x64.ActiveCfg = Release|x64
		{8F2C0E7E-3403-4DC1-B2CD-D6E922BC7BCB}.Release|x64.Build.0 = Release|x64
		{8F2C0E7E-3403-4DC1-B2CD-D6E922BC7BCB}.Release|x86.ActiveCfg = Release|Win32
		{8F2C0E7E-3403-4DC1-B2CD-D6E922BC7BCB}.Release|x86.Build.0 = Release|Win32
		{B720C09E-2605-48BE-ACAA-75C5FBC5258A}.Debug|x64.ActiveCfg = Debug|x64
		{B720C09E-2605-48BE-ACAA-75C5FBC5258A}.Debug|x64.Build.0 = Debug|x64
		{B720C09E-2605-48BE-ACAA-75C5FBC5258A}.Debug|x86.ActiveCfg = Debug|Win32
		{B720C09E-2605-48BE-ACAA-75C5FBC5258A}.Debug|x86.Build.0 = Debug|Win32
		{B720C09E-2605-48BE-ACAA-75C5FBC5258A}.Release|x64.ActiveCfg = Release|x64
		{B720C09E-2605-48BE-ACAA-75C5FBC5258A}.Release|x64.Build.0 = Release|x64
		{B720C09E-2605-48BE-ACAA-75C5FBC5258A}.Release|x86.ActiveCfg = Release|Win32
		{B720C09E-2605-48BE-ACAA-75C5FBC5258A}.Release|x86.Build.0 = Release|Win32
		{B2699A61-D455-47A4-A1E5-C1769CC8D0F9}.Debug|x64.ActiveCfg = Debug|x64
		{B2699A61-D455-47A4-A1E5-C1769CC8D0F9}.Debug|x64.Build.0 = Debug|x64
		{B2699A61-D455-47A4-A1E5-C1769CC8D0F9}.Debug|x86.ActiveCfg = Debug|Win32
		{B2699A61-D455-47A4-A1E5-C1769CC8D0F9}.Debug|x86.Build.0 = Debug|Win32
		{B2699A61-D455-47A4-A1E5-C1769CC8D0F9}.Release|x64.ActiveCfg = Release|x64
		{B2699A61-D455-47A4-A1E5-C1769CC8D0F9}.Release|x64.Build.0 = Release|x64
		{B2699A61-D455-47A4-A1E5-C1769CC8D0F9}.Release|x86.ActiveCfg = Release|Win32
		{B2699A61-D455-47A4-A1E5-C1769CC8D0F9}.Release|x86.Build.0 = Release|Win32
	EndGlobalSection
	GlobalSection(SolutionProperties) = preSolution
		HideSolutionNode = FALSE
	EndGlobalSection
	GlobalSection(ExtensibilityGlobals) = postSolution
		SolutionGuid = {C55E124C-C442-4CAA-8FD8-ABB72F40BEF4}
	EndGlobalSection
EndGlobal
