
Microsoft Visual Studio Solution File, Format Version 12.00
# Visual Studio Version 17
VisualStudioVersion = 17.5.33516.290
MinimumVisualStudioVersion = 10.0.40219.1
Project("{8BC9CEB8-8B4A-11D0-8D11-00A0C91BC942}") = "Chapter8_1", "Chapter8_1\Chapter8_1.vcxproj", "{5EE420FB-B1A8-47D4-9127-3E6934E74BD7}"
EndProject
Project("{8BC9CEB8-8B4A-11D0-8D11-00A0C91BC942}") = "Chapter8_2", "Chapter8_2\Chapter8_2.vcxproj", "{76F221BE-76DC-48BF-8225-18FB61763443}"
EndProject
Project("{8BC9CEB8-8B4A-11D0-8D11-00A0C91BC942}") = "Chapter8_3", "Chapter8_3\Chapter8_3.vcxproj", "{364665B4-A469-4845-8562-B77C01307F27}"
EndProject
Project("{8BC9CEB8-8B4A-11D0-8D11-00A0C91BC942}") = "Chapter8_4", "Chapter8_4\Chapter8_4.vcxproj", "{174BDF9C-59DB-4F1C-AF10-7B5A83E06765}"
EndProject
Project("{8BC9CEB8-8B4A-11D0-8D11-00A0C91BC942}") = "Chapter8_5", "Chapter8_5\Chapter8_5.vcxproj", "{FD33E78D-C73B-426F-8A05-0BABBADF1A03}"
EndProject
Project("{8BC9CEB8-8B4A-11D0-8D11-00A0C91BC942}") = "Chapter8_6", "Chapter8_6\Chapter8_6.vcxproj", "{322E5DF1-BFE5-4876-A18F-12003B642854}"
EndProject
Project("{8BC9CEB8-8B4A-11D0-8D11-00A0C91BC942}") = "Chapter8_7", "Chapter8_7\Chapter8_7.vcxproj", "{D3D4887C-CE39-488D-BBE2-7C1C6A211C6F}"
EndProject
Project("{8BC9CEB8-8B4A-11D0-8D11-00A0C91BC942}") = "Chapter8_9", "Chapter8_9\Chapter8_9.vcxproj", "{91E9638E-E62A-4111-B8D5-0FEEEDC68225}"
EndProject
Project("{8BC9CEB8-8B4A-11D0-8D11-00A0C91BC942}") = "Chapter8_10", "Chapter8_10\Chapter8_10.vcxproj", "{E3F12813-3F54-4C45-9A90-AD9C8E798F35}"
EndProject
Project("{8BC9CEB8-8B4A-11D0-8D11-00A0C91BC942}") = "Chapter8_11", "Chapter8_11\Chapter8_11.vcxproj", "{1E6025A0-12A3-46EF-94DD-B0B381FE4AAE}"
EndProject
Project("{8BC9CEB8-8B4A-11D0-8D11-00A0C91BC942}") = "Chapter8_12", "Chapter8_12\Chapter8_12.vcxproj", "{AEAEFB5E-2E01-4A40-85BA-FCFB8BCB015C}"
EndProject
Project("{8BC9CEB8-8B4A-11D0-8D11-00A0C91BC942}") = "Chapter8_13", "Chapter8_13\Chapter8_13.vcxproj", "{795B45D9-03BB-48DE-8267-198B16F35D11}"
EndProject
Project("{8BC9CEB8-8B4A-11D0-8D11-00A0C91BC942}") = "Chapter8_15", "Chapter8_15\Chapter8_15.vcxproj", "{27F7A40B-8431-424D-BB1F-0D0499B28CBA}"
EndProject
Project("{8BC9CEB8-8B4A-11D0-8D11-00A0C91BC942}") = "Chapter11_1", "Chapter11_1\Chapter11_1.vcxproj", "{9DB28AEE-B5BB-4B9D-905F-B71B4B8C670A}"
EndProject
Project("{8BC9CEB8-8B4A-11D0-8D11-00A0C91BC942}") = "Chapter11_2", "Chapter11_2\Chapter11_2.vcxproj", "{C99827F6-1186-40C3-AF0A-FEE329A6ED76}"
EndProject
Project("{8BC9CEB8-8B4A-11D0-8D11-00A0C91BC942}") = "Chapter13_1", "Chapter13_1\Chapter13_1.vcxproj", "{50177BF4-6DAD-4CED-830A-8F368A740435}"
EndProject
Project("{8BC9CEB8-8B4A-11D0-8D11-00A0C91BC942}") = "Chapter13_2", "Chapter13_2\Chapter13_2.vcxproj", "{A11C8CCB-480B-4D82-928B-A1C8BBF35276}"
EndProject
Project("{8BC9CEB8-8B4A-11D0-8D11-00A0C91BC942}") = "Chapter13_3", "Chapter13_3\Chapter13_3.vcxproj", "{A6B63E77-6929-4246-AD88-22BB95035265}"
EndProject
Project("{8BC9CEB8-8B4A-11D0-8D11-00A0C91BC942}") = "Chapter13_4", "Chapter13_4\Chapter13_4.vcxproj", "{7148BCB1-2172-463A-B3F8-E5C2A313C6CF}"
EndProject
Project("{8BC9CEB8-8B4A-11D0-8D11-00A0C91BC942}") = "Chapter13_5", "Chapter13_5\Chapter13_5.vcxproj", "{E3AA38C4-20CD-44FB-A022-37FE0F5AAE86}"
EndProject
Project("{8BC9CEB8-8B4A-11D0-8D11-00A0C91BC942}") = "Chapter14_3", "Chapter14_3\Chapter14_3.vcxproj", "{AC70BC65-8C27-4885-9985-7269B9CD1B61}"
EndProject
Project("{8BC9CEB8-8B4A-11D0-8D11-00A0C91BC942}") = "Chapter15_1", "Chapter15_1\Chapter15_1.vcxproj", "{0B04E815-F892-4533-9718-AF0D39EE3CD2}"
EndProject
Project("{8BC9CEB8-8B4A-11D0-8D11-00A0C91BC942}") = "Chapter15_2", "Chapter15_2\Chapter15_2.vcxproj", "{88B6A69D-B22A-4E94-A476-DBB5368681A8}"
EndProject
Project("{8BC9CEB8-8B4A-11D0-8D11-00A0C91BC942}") = "Chapter15_3", "Chapter15_3\Chapter15_3.vcxproj", "{23771191-E41B-4865-AF27-3F683BBACC1B}"
EndProject
Project("{8BC9CEB8-8B4A-11D0-8D11-00A0C91BC942}") = "Chapter15_4", "Chapter15_4\Chapter15_4.vcxproj", "{6A2EB995-4E29-44C4-BF43-2F79BFFB5260}"
EndProject
Project("{8BC9CEB8-8B4A-11D0-8D11-00A0C91BC942}") = "Chapter15_5", "Chapter15_5\Chapter15_5.vcxproj", "{7541A975-9935-4406-849A-D13F371624AB}"
EndProject
Project("{8BC9CEB8-8B4A-11D0-8D11-00A0C91BC942}") = "Chapter15_6", "Chapter15_6\Chapter15_6.vcxproj", "{0B62AADF-ADD3-4499-AD09-510C632BFA04}"
EndProject
Project("{8BC9CEB8-8B4A-11D0-8D11-00A0C91BC942}") = "Chapter15_7", "Chapter15_7\Chapter15_7.vcxproj", "{95E33CAB-8ACF-4932-9938-9ED1251BD80D}"
EndProject
Project("{8BC9CEB8-8B4A-11D0-8D11-00A0C91BC942}") = "Chapter18_6", "Chapter18_6\Chapter18_6.vcxproj", "{2C38B1F7-493B-480D-AF03-0E92D8D4830A}"
EndProject
Project("{8BC9CEB8-8B4A-11D0-8D11-00A0C91BC942}") = "Chapter18_7", "Chapter18_7\Chapter18_7.vcxproj", "{8480B285-B6C5-4D8F-9A5C-F7F0D57764B9}"
EndProject
Global
	GlobalSection(SolutionConfigurationPlatforms) = preSolution
		Debug|x64 = Debug|x64
		Debug|x86 = Debug|x86
		Release|x64 = Release|x64
		Release|x86 = Release|x86
	EndGlobalSection
	GlobalSection(ProjectConfigurationPlatforms) = postSolution
		{5EE420FB-B1A8-47D4-9127-3E6934E74BD7}.Debug|x64.ActiveCfg = Debug|x64
		{5EE420FB-B1A8-47D4-9127-3E6934E74BD7}.Debug|x64.Build.0 = Debug|x64
		{5EE420FB-B1A8-47D4-9127-3E6934E74BD7}.Debug|x86.ActiveCfg = Debug|Win32
		{5EE420FB-B1A8-47D4-9127-3E6934E74BD7}.Debug|x86.Build.0 = Debug|Win32
		{5EE420FB-B1A8-47D4-9127-3E6934E74BD7}.Release|x64.ActiveCfg = Release|x64
		{5EE420FB-B1A8-47D4-9127-3E6934E74BD7}.Release|x64.Build.0 = Release|x64
		{5EE420FB-B1A8-47D4-9127-3E6934E74BD7}.Release|x86.ActiveCfg = Release|Win32
		{5EE420FB-B1A8-47D4-9127-3E6934E74BD7}.Release|x86.Build.0 = Release|Win32
		{76F221BE-76DC-48BF-8225-18FB61763443}.Debug|x64.ActiveCfg = Debug|x64
		{76F221BE-76DC-48BF-8225-18FB61763443}.Debug|x64.Build.0 = Debug|x64
		{76F221BE-76DC-48BF-8225-18FB61763443}.Debug|x86.ActiveCfg = Debug|Win32
		{76F221BE-76DC-48BF-8225-18FB61763443}.Debug|x86.Build.0 = Debug|Win32
		{76F221BE-76DC-48BF-8225-18FB61763443}.Release|x64.ActiveCfg = Release|x64
		{76F221BE-76DC-48BF-8225-18FB61763443}.Release|x64.Build.0 = Release|x64
		{76F221BE-76DC-48BF-8225-18FB61763443}.Release|x86.ActiveCfg = Release|Win32
		{76F221BE-76DC-48BF-8225-18FB61763443}.Release|x86.Build.0 = Release|Win32
		{364665B4-A469-4845-8562-B77C01307F27}.Debug|x64.ActiveCfg = Debug|x64
		{364665B4-A469-4845-8562-B77C01307F27}.Debug|x64.Build.0 = Debug|x64
		{364665B4-A469-4845-8562-B77C01307F27}.Debug|x86.ActiveCfg = Debug|Win32
		{364665B4-A469-4845-8562-B77C01307F27}.Debug|x86.Build.0 = Debug|Win32
		{364665B4-A469-4845-8562-B77C01307F27}.Release|x64.ActiveCfg = Release|x64
		{364665B4-A469-4845-8562-B77C01307F27}.Release|x64.Build.0 = Release|x64
		{364665B4-A469-4845-8562-B77C01307F27}.Release|x86.ActiveCfg = Release|Win32
		{364665B4-A469-4845-8562-B77C01307F27}.Release|x86.Build.0 = Release|Win32
		{174BDF9C-59DB-4F1C-AF10-7B5A83E06765}.Debug|x64.ActiveCfg = Debug|x64
		{174BDF9C-59DB-4F1C-AF10-7B5A83E06765}.Debug|x64.Build.0 = Debug|x64
		{174BDF9C-59DB-4F1C-AF10-7B5A83E06765}.Debug|x86.ActiveCfg = Debug|Win32
		{174BDF9C-59DB-4F1C-AF10-7B5A83E06765}.Debug|x86.Build.0 = Debug|Win32
		{174BDF9C-59DB-4F1C-AF10-7B5A83E06765}.Release|x64.ActiveCfg = Release|x64
		{174BDF9C-59DB-4F1C-AF10-7B5A83E06765}.Release|x64.Build.0 = Release|x64
		{174BDF9C-59DB-4F1C-AF10-7B5A83E06765}.Release|x86.ActiveCfg = Release|Win32
		{174BDF9C-59DB-4F1C-AF10-7B5A83E06765}.Release|x86.Build.0 = Release|Win32
		{FD33E78D-C73B-426F-8A05-0BABBADF1A03}.Debug|x64.ActiveCfg = Debug|x64
		{FD33E78D-C73B-426F-8A05-0BABBADF1A03}.Debug|x64.Build.0 = Debug|x64
		{FD33E78D-C73B-426F-8A05-0BABBADF1A03}.Debug|x86.ActiveCfg = Debug|Win32
		{FD33E78D-C73B-426F-8A05-0BABBADF1A03}.Debug|x86.Build.0 = Debug|Win32
		{FD33E78D-C73B-426F-8A05-0BABBADF1A03}.Release|x64.ActiveCfg = Release|x64
		{FD33E78D-C73B-426F-8A05-0BABBADF1A03}.Release|x64.Build.0 = Release|x64
		{FD33E78D-C73B-426F-8A05-0BABBADF1A03}.Release|x86.ActiveCfg = Release|Win32
		{FD33E78D-C73B-426F-8A05-0BABBADF1A03}.Release|x86.Build.0 = Release|Win32
		{322E5DF1-BFE5-4876-A18F-12003B642854}.Debug|x64.ActiveCfg = Debug|x64
		{322E5DF1-BFE5-4876-A18F-12003B642854}.Debug|x64.Build.0 = Debug|x64
		{322E5DF1-BFE5-4876-A18F-12003B642854}.Debug|x86.ActiveCfg = Debug|Win32
		{322E5DF1-BFE5-4876-A18F-12003B642854}.Debug|x86.Build.0 = Debug|Win32
		{322E5DF1-BFE5-4876-A18F-12003B642854}.Release|x64.ActiveCfg = Release|x64
		{322E5DF1-BFE5-4876-A18F-12003B642854}.Release|x64.Build.0 = Release|x64
		{322E5DF1-BFE5-4876-A18F-12003B642854}.Release|x86.ActiveCfg = Release|Win32
		{322E5DF1-BFE5-4876-A18F-12003B642854}.Release|x86.Build.0 = Release|Win32
		{D3D4887C-CE39-488D-BBE2-7C1C6A211C6F}.Debug|x64.ActiveCfg = Debug|x64
		{D3D4887C-CE39-488D-BBE2-7C1C6A211C6F}.Debug|x64.Build.0 = Debug|x64
		{D3D4887C-CE39-488D-BBE2-7C1C6A211C6F}.Debug|x86.ActiveCfg = Debug|Win32
		{D3D4887C-CE39-488D-BBE2-7C1C6A211C6F}.Debug|x86.Build.0 = Debug|Win32
		{D3D4887C-CE39-488D-BBE2-7C1C6A211C6F}.Release|x64.ActiveCfg = Release|x64
		{D3D4887C-CE39-488D-BBE2-7C1C6A211C6F}.Release|x64.Build.0 = Release|x64
		{D3D4887C-CE39-488D-BBE2-7C1C6A211C6F}.Release|x86.ActiveCfg = Release|Win32
		{D3D4887C-CE39-488D-BBE2-7C1C6A211C6F}.Release|x86.Build.0 = Release|Win32
		{91E9638E-E62A-4111-B8D5-0FEEEDC68225}.Debug|x64.ActiveCfg = Debug|x64
		{91E9638E-E62A-4111-B8D5-0FEEEDC68225}.Debug|x64.Build.0 = Debug|x64
		{91E9638E-E62A-4111-B8D5-0FEEEDC68225}.Debug|x86.ActiveCfg = Debug|Win32
		{91E9638E-E62A-4111-B8D5-0FEEEDC68225}.Debug|x86.Build.0 = Debug|Win32
		{91E9638E-E62A-4111-B8D5-0FEEEDC68225}.Release|x64.ActiveCfg = Release|x64
		{91E9638E-E62A-4111-B8D5-0FEEEDC68225}.Release|x64.Build.0 = Release|x64
		{91E9638E-E62A-4111-B8D5-0FEEEDC68225}.Release|x86.ActiveCfg = Release|Win32
		{91E9638E-E62A-4111-B8D5-0FEEEDC68225}.Release|x86.Build.0 = Release|Win32
		{E3F12813-3F54-4C45-9A90-AD9C8E798F35}.Debug|x64.ActiveCfg = Debug|x64
		{E3F12813-3F54-4C45-9A90-AD9C8E798F35}.Debug|x64.Build.0 = Debug|x64
		{E3F12813-3F54-4C45-9A90-AD9C8E798F35}.Debug|x86.ActiveCfg = Debug|Win32
		{E3F12813-3F54-4C45-9A90-AD9C8E798F35}.Debug|x86.Build.0 = Debug|Win32
		{E3F12813-3F54-4C45-9A90-AD9C8E798F35}.Release|x64.ActiveCfg = Release|x64
		{E3F12813-3F54-4C45-9A90-AD9C8E798F35}.Release|x64.Build.0 = Release|x64
		{E3F12813-3F54-4C45-9A90-AD9C8E798F35}.Release|x86.ActiveCfg = Release|Win32
		{E3F12813-3F54-4C45-9A90-AD9C8E798F35}.Release|x86.Build.0 = Release|Win32
		{1E6025A0-12A3-46EF-94DD-B0B381FE4AAE}.Debug|x64.ActiveCfg = Debug|x64
		{1E6025A0-12A3-46EF-94DD-B0B381FE4AAE}.Debug|x64.Build.0 = Debug|x64
		{1E6025A0-12A3-46EF-94DD-B0B381FE4AAE}.Debug|x86.ActiveCfg = Debug|Win32
		{1E6025A0-12A3-46EF-94DD-B0B381FE4AAE}.Debug|x86.Build.0 = Debug|Win32
		{1E6025A0-12A3-46EF-94DD-B0B381FE4AAE}.Release|x64.ActiveCfg = Release|x64
		{1E6025A0-12A3-46EF-94DD-B0B381FE4AAE}.Release|x64.Build.0 = Release|x64
		{1E6025A0-12A3-46EF-94DD-B0B381FE4AAE}.Release|x86.ActiveCfg = Release|Win32
		{1E6025A0-12A3-46EF-94DD-B0B381FE4AAE}.Release|x86.Build.0 = Release|Win32
		{AEAEFB5E-2E01-4A40-85BA-FCFB8BCB015C}.Debug|x64.ActiveCfg = Debug|x64
		{AEAEFB5E-2E01-4A40-85BA-FCFB8BCB015C}.Debug|x64.Build.0 = Debug|x64
		{AEAEFB5E-2E01-4A40-85BA-FCFB8BCB015C}.Debug|x86.ActiveCfg = Debug|Win32
		{AEAEFB5E-2E01-4A40-85BA-FCFB8BCB015C}.Debug|x86.Build.0 = Debug|Win32
		{AEAEFB5E-2E01-4A40-85BA-FCFB8BCB015C}.Release|x64.ActiveCfg = Release|x64
		{AEAEFB5E-2E01-4A40-85BA-FCFB8BCB015C}.Release|x64.Build.0 = Release|x64
		{AEAEFB5E-2E01-4A40-85BA-FCFB8BCB015C}.Release|x86.ActiveCfg = Release|Win32
		{AEAEFB5E-2E01-4A40-85BA-FCFB8BCB015C}.Release|x86.Build.0 = Release|Win32
		{795B45D9-03BB-48DE-8267-198B16F35D11}.Debug|x64.ActiveCfg = Debug|x64
		{795B45D9-03BB-48DE-8267-198B16F35D11}.Debug|x64.Build.0 = Debug|x64
		{795B45D9-03BB-48DE-8267-198B16F35D11}.Debug|x86.ActiveCfg = Debug|Win32
		{795B45D9-03BB-48DE-8267-198B16F35D11}.Debug|x86.Build.0 = Debug|Win32
		{795B45D9-03BB-48DE-8267-198B16F35D11}.Release|x64.ActiveCfg = Release|x64
		{795B45D9-03BB-48DE-8267-198B16F35D11}.Release|x64.Build.0 = Release|x64
		{795B45D9-03BB-48DE-8267-198B16F35D11}.Release|x86.ActiveCfg = Release|Win32
		{795B45D9-03BB-48DE-8267-198B16F35D11}.Release|x86.Build.0 = Release|Win32
		{27F7A40B-8431-424D-BB1F-0D0499B28CBA}.Debug|x64.ActiveCfg = Debug|x64
		{27F7A40B-8431-424D-BB1F-0D0499B28CBA}.Debug|x64.Build.0 = Debug|x64
		{27F7A40B-8431-424D-BB1F-0D0499B28CBA}.Debug|x86.ActiveCfg = Debug|Win32
		{27F7A40B-8431-424D-BB1F-0D0499B28CBA}.Debug|x86.Build.0 = Debug|Win32
		{27F7A40B-8431-424D-BB1F-0D0499B28CBA}.Release|x64.ActiveCfg = Release|x64
		{27F7A40B-8431-424D-BB1F-0D0499B28CBA}.Release|x64.Build.0 = Release|x64
		{27F7A40B-8431-424D-BB1F-0D0499B28CBA}.Release|x86.ActiveCfg = Release|Win32
		{27F7A40B-8431-424D-BB1F-0D0499B28CBA}.Release|x86.Build.0 = Release|Win32
		{9DB28AEE-B5BB-4B9D-905F-B71B4B8C670A}.Debug|x64.ActiveCfg = Debug|x64
		{9DB28AEE-B5BB-4B9D-905F-B71B4B8C670A}.Debug|x64.Build.0 = Debug|x64
		{9DB28AEE-B5BB-4B9D-905F-B71B4B8C670A}.Debug|x86.ActiveCfg = Debug|Win32
		{9DB28AEE-B5BB-4B9D-905F-B71B4B8C670A}.Debug|x86.Build.0 = Debug|Win32
		{9DB28AEE-B5BB-4B9D-905F-B71B4B8C670A}.Release|x64.ActiveCfg = Release|x64
		{9DB28AEE-B5BB-4B9D-905F-B71B4B8C670A}.Release|x64.Build.0 = Release|x64
		{9DB28AEE-B5BB-4B9D-905F-B71B4B8C670A}.Release|x86.ActiveCfg = Release|Win32
		{9DB28AEE-B5BB-4B9D-905F-B71B4B8C670A}.Release|x86.Build.0 = Release|Win32
		{C99827F6-1186-40C3-AF0A-FEE329A6ED76}.Debug|x64.ActiveCfg = Debug|x64
		{C99827F6-1186-40C3-AF0A-FEE329A6ED76}.Debug|x64.Build.0 = Debug|x64
		{C99827F6-1186-40C3-AF0A-FEE329A6ED76}.Debug|x86.ActiveCfg = Debug|Win32
		{C99827F6-1186-40C3-AF0A-FEE329A6ED76}.Debug|x86.Build.0 = Debug|Win32
		{C99827F6-1186-40C3-AF0A-FEE329A6ED76}.Release|x64.ActiveCfg = Release|x64
		{C99827F6-1186-40C3-AF0A-FEE329A6ED76}.Release|x64.Build.0 = Release|x64
		{C99827F6-1186-40C3-AF0A-FEE329A6ED76}.Release|x86.ActiveCfg = Release|Win32
		{C99827F6-1186-40C3-AF0A-FEE329A6ED76}.Release|x86.Build.0 = Release|Win32
		{50177BF4-6DAD-4CED-830A-8F368A740435}.Debug|x64.ActiveCfg = Debug|x64
		{50177BF4-6DAD-4CED-830A-8F368A740435}.Debug|x64.Build.0 = Debug|x64
		{50177BF4-6DAD-4CED-830A-8F368A740435}.Debug|x86.ActiveCfg = Debug|Win32
		{50177BF4-6DAD-4CED-830A-8F368A740435}.Debug|x86.Build.0 = Debug|Win32
		{50177BF4-6DAD-4CED-830A-8F368A740435}.Release|x64.ActiveCfg = Release|x64
		{50177BF4-6DAD-4CED-830A-8F368A740435}.Release|x64.Build.0 = Release|x64
		{50177BF4-6DAD-4CED-830A-8F368A740435}.Release|x86.ActiveCfg = Release|Win32
		{50177BF4-6DAD-4CED-830A-8F368A740435}.Release|x86.Build.0 = Release|Win32
		{A11C8CCB-480B-4D82-928B-A1C8BBF35276}.Debug|x64.ActiveCfg = Debug|x64
		{A11C8CCB-480B-4D82-928B-A1C8BBF35276}.Debug|x64.Build.0 = Debug|x64
		{A11C8CCB-480B-4D82-928B-A1C8BBF35276}.Debug|x86.ActiveCfg = Debug|Win32
		{A11C8CCB-480B-4D82-928B-A1C8BBF35276}.Debug|x86.Build.0 = Debug|Win32
		{A11C8CCB-480B-4D82-928B-A1C8BBF35276}.Release|x64.ActiveCfg = Release|x64
		{A11C8CCB-480B-4D82-928B-A1C8BBF35276}.Release|x64.Build.0 = Release|x64
		{A11C8CCB-480B-4D82-928B-A1C8BBF35276}.Release|x86.ActiveCfg = Release|Win32
		{A11C8CCB-480B-4D82-928B-A1C8BBF35276}.Release|x86.Build.0 = Release|Win32
		{A6B63E77-6929-4246-AD88-22BB95035265}.Debug|x64.ActiveCfg = Debug|x64
		{A6B63E77-6929-4246-AD88-22BB95035265}.Debug|x64.Build.0 = Debug|x64
		{A6B63E77-6929-4246-AD88-22BB95035265}.Debug|x86.ActiveCfg = Debug|Win32
		{A6B63E77-6929-4246-AD88-22BB95035265}.Debug|x86.Build.0 = Debug|Win32
		{A6B63E77-6929-4246-AD88-22BB95035265}.Release|x64.ActiveCfg = Release|x64
		{A6B63E77-6929-4246-AD88-22BB95035265}.Release|x64.Build.0 = Release|x64
		{A6B63E77-6929-4246-AD88-22BB95035265}.Release|x86.ActiveCfg = Release|Win32
		{A6B63E77-6929-4246-AD88-22BB95035265}.Release|x86.Build.0 = Release|Win32
		{7148BCB1-2172-463A-B3F8-E5C2A313C6CF}.Debug|x64.ActiveCfg = Debug|x64
		{7148BCB1-2172-463A-B3F8-E5C2A313C6CF}.Debug|x64.Build.0 = Debug|x64
		{7148BCB1-2172-463A-B3F8-E5C2A313C6CF}.Debug|x86.ActiveCfg = Debug|Win32
		{7148BCB1-2172-463A-B3F8-E5C2A313C6CF}.Debug|x86.Build.0 = Debug|Win32
		{7148BCB1-2172-463A-B3F8-E5C2A313C6CF}.Release|x64.ActiveCfg = Release|x64
		{7148BCB1-2172-463A-B3F8-E5C2A313C6CF}.Release|x64.Build.0 = Release|x64
		{7148BCB1-2172-463A-B3F8-E5C2A313C6CF}.Release|x86.ActiveCfg = Release|Win32
		{7148BCB1-2172-463A-B3F8-E5C2A313C6CF}.Release|x86.Build.0 = Release|Win32
		{E3AA38C4-20CD-44FB-A022-37FE0F5AAE86}.Debug|x64.ActiveCfg = Debug|x64
		{E3AA38C4-20CD-44FB-A022-37FE0F5AAE86}.Debug|x64.Build.0 = Debug|x64
		{E3AA38C4-20CD-44FB-A022-37FE0F5AAE86}.Debug|x86.ActiveCfg = Debug|Win32
		{E3AA38C4-20CD-44FB-A022-37FE0F5AAE86}.Debug|x86.Build.0 = Debug|Win32
		{E3AA38C4-20CD-44FB-A022-37FE0F5AAE86}.Release|x64.ActiveCfg = Release|x64
		{E3AA38C4-20CD-44FB-A022-37FE0F5AAE86}.Release|x64.Build.0 = Release|x64
		{E3AA38C4-20CD-44FB-A022-37FE0F5AAE86}.Release|x86.ActiveCfg = Release|Win32
		{E3AA38C4-20CD-44FB-A022-37FE0F5AAE86}.Release|x86.Build.0 = Release|Win32
		{AC70BC65-8C27-4885-9985-7269B9CD1B61}.Debug|x64.ActiveCfg = Debug|x64
		{AC70BC65-8C27-4885-9985-7269B9CD1B61}.Debug|x64.Build.0 = Debug|x64
		{AC70BC65-8C27-4885-9985-7269B9CD1B61}.Debug|x86.ActiveCfg = Debug|Win32
		{AC70BC65-8C27-4885-9985-7269B9CD1B61}.Debug|x86.Build.0 = Debug|Win32
		{AC70BC65-8C27-4885-9985-7269B9CD1B61}.Release|x64.ActiveCfg = Release|x64
		{AC70BC65-8C27-4885-9985-7269B9CD1B61}.Release|x64.Build.0 = Release|x64
		{AC70BC65-8C27-4885-9985-7269B9CD1B61}.Release|x86.ActiveCfg = Release|Win32
		{AC70BC65-8C27-4885-9985-7269B9CD1B61}.Release|x86.Build.0 = Release|Win32
		{0B04E815-F892-4533-9718-AF0D39EE3CD2}.Debug|x64.ActiveCfg = Debug|x64
		{0B04E815-F892-4533-9718-AF0D39EE3CD2}.Debug|x64.Build.0 = Debug|x64
		{0B04E815-F892-4533-9718-AF0D39EE3CD2}.Debug|x86.ActiveCfg = Debug|Win32
		{0B04E815-F892-4533-9718-AF0D39EE3CD2}.Debug|x86.Build.0 = Debug|Win32
		{0B04E815-F892-4533-9718-AF0D39EE3CD2}.Release|x64.ActiveCfg = Release|x64
		{0B04E815-F892-4533-9718-AF0D39EE3CD2}.Release|x64.Build.0 = Release|x64
		{0B04E815-F892-4533-9718-AF0D39EE3CD2}.Release|x86.ActiveCfg = Release|Win32
		{0B04E815-F892-4533-9718-AF0D39EE3CD2}.Release|x86.Build.0 = Release|Win32
		{88B6A69D-B22A-4E94-A476-DBB5368681A8}.Debug|x64.ActiveCfg = Debug|x64
		{88B6A69D-B22A-4E94-A476-DBB5368681A8}.Debug|x64.Build.0 = Debug|x64
		{88B6A69D-B22A-4E94-A476-DBB5368681A8}.Debug|x86.ActiveCfg = Debug|Win32
		{88B6A69D-B22A-4E94-A476-DBB5368681A8}.Debug|x86.Build.0 = Debug|Win32
		{88B6A69D-B22A-4E94-A476-DBB5368681A8}.Release|x64.ActiveCfg = Release|x64
		{88B6A69D-B22A-4E94-A476-DBB5368681A8}.Release|x64.Build.0 = Release|x64
		{88B6A69D-B22A-4E94-A476-DBB5368681A8}.Release|x86.ActiveCfg = Release|Win32
		{88B6A69D-B22A-4E94-A476-DBB5368681A8}.Release|x86.Build.0 = Release|Win32
		{23771191-E41B-4865-AF27-3F683BBACC1B}.Debug|x64.ActiveCfg = Debug|x64
		{23771191-E41B-4865-AF27-3F683BBACC1B}.Debug|x64.Build.0 = Debug|x64
		{23771191-E41B-4865-AF27-3F683BBACC1B}.Debug|x86.ActiveCfg = Debug|Win32
		{23771191-E41B-4865-AF27-3F683BBACC1B}.Debug|x86.Build.0 = Debug|Win32
		{23771191-E41B-4865-AF27-3F683BBACC1B}.Release|x64.ActiveCfg = Release|x64
		{23771191-E41B-4865-AF27-3F683BBACC1B}.Release|x64.Build.0 = Release|x64
		{23771191-E41B-4865-AF27-3F683BBACC1B}.Release|x86.ActiveCfg = Release|Win32
		{23771191-E41B-4865-AF27-3F683BBACC1B}.Release|x86.Build.0 = Release|Win32
		{6A2EB995-4E29-44C4-BF43-2F79BFFB5260}.Debug|x64.ActiveCfg = Debug|x64
		{6A2EB995-4E29-44C4-BF43-2F79BFFB5260}.Debug|x64.Build.0 = Debug|x64
		{6A2EB995-4E29-44C4-BF43-2F79BFFB5260}.Debug|x86.ActiveCfg = Debug|Win32
		{6A2EB995-4E29-44C4-BF43-2F79BFFB5260}.Debug|x86.Build.0 = Debug|Win32
		{6A2EB995-4E29-44C4-BF43-2F79BFFB5260}.Release|x64.ActiveCfg = Release|x64
		{6A2EB995-4E29-44C4-BF43-2F79BFFB5260}.Release|x64.Build.0 = Release|x64
		{6A2EB995-4E29-44C4-BF43-2F79BFFB5260}.Release|x86.ActiveCfg = Release|Win32
		{6A2EB995-4E29-44C4-BF43-2F79BFFB5260}.Release|x86.Build.0 = Release|Win32
		{7541A975-9935-4406-849A-D13F371624AB}.Debug|x64.ActiveCfg = Debug|x64
		{7541A975-9935-4406-849A-D13F371624AB}.Debug|x64.Build.0 = Debug|x64
		{7541A975-9935-4406-849A-D13F371624AB}.Debug|x86.ActiveCfg = Debug|Win32
		{7541A975-9935-4406-849A-D13F371624AB}.Debug|x86.Build.0 = Debug|Win32
		{7541A975-9935-4406-849A-D13F371624AB}.Release|x64.ActiveCfg = Release|x64
		{7541A975-9935-4406-849A-D13F371624AB}.Release|x64.Build.0 = Release|x64
		{7541A975-9935-4406-849A-D13F371624AB}.Release|x86.ActiveCfg = Release|Win32
		{7541A975-9935-4406-849A-D13F371624AB}.Release|x86.Build.0 = Release|Win32
		{0B62AADF-ADD3-4499-AD09-510C632BFA04}.Debug|x64.ActiveCfg = Debug|x64
		{0B62AADF-ADD3-4499-AD09-510C632BFA04}.Debug|x64.Build.0 = Debug|x64
		{0B62AADF-ADD3-4499-AD09-510C632BFA04}.Debug|x86.ActiveCfg = Debug|Win32
		{0B62AADF-ADD3-4499-AD09-510C632BFA04}.Debug|x86.Build.0 = Debug|Win32
		{0B62AADF-ADD3-4499-AD09-510C632BFA04}.Release|x64.ActiveCfg = Release|x64
		{0B62AADF-ADD3-4499-AD09-510C632BFA04}.Release|x64.Build.0 = Release|x64
		{0B62AADF-ADD3-4499-AD09-510C632BFA04}.Release|x86.ActiveCfg = Release|Win32
		{0B62AADF-ADD3-4499-AD09-510C632BFA04}.Release|x86.Build.0 = Release|Win32
		{95E33CAB-8ACF-4932-9938-9ED1251BD80D}.Debug|x64.ActiveCfg = Debug|x64
		{95E33CAB-8ACF-4932-9938-9ED1251BD80D}.Debug|x64.Build.0 = Debug|x64
		{95E33CAB-8ACF-4932-9938-9ED1251BD80D}.Debug|x86.ActiveCfg = Debug|Win32
		{95E33CAB-8ACF-4932-9938-9ED1251BD80D}.Debug|x86.Build.0 = Debug|Win32
		{95E33CAB-8ACF-4932-9938-9ED1251BD80D}.Release|x64.ActiveCfg = Release|x64
		{95E33CAB-8ACF-4932-9938-9ED1251BD80D}.Release|x64.Build.0 = Release|x64
		{95E33CAB-8ACF-4932-9938-9ED1251BD80D}.Release|x86.ActiveCfg = Release|Win32
		{95E33CAB-8ACF-4932-9938-9ED1251BD80D}.Release|x86.Build.0 = Release|Win32
		{2C38B1F7-493B-480D-AF03-0E92D8D4830A}.Debug|x64.ActiveCfg = Debug|x64
		{2C38B1F7-493B-480D-AF03-0E92D8D4830A}.Debug|x64.Build.0 = Debug|x64
		{2C38B1F7-493B-480D-AF03-0E92D8D4830A}.Debug|x86.ActiveCfg = Debug|Win32
		{2C38B1F7-493B-480D-AF03-0E92D8D4830A}.Debug|x86.Build.0 = Debug|Win32
		{2C38B1F7-493B-480D-AF03-0E92D8D4830A}.Release|x64.ActiveCfg = Release|x64
		{2C38B1F7-493B-480D-AF03-0E92D8D4830A}.Release|x64.Build.0 = Release|x64
		{2C38B1F7-493B-480D-AF03-0E92D8D4830A}.Release|x86.ActiveCfg = Release|Win32
		{2C38B1F7-493B-480D-AF03-0E92D8D4830A}.Release|x86.Build.0 = Release|Win32
		{8480B285-B6C5-4D8F-9A5C-F7F0D57764B9}.Debug|x64.ActiveCfg = Debug|x64
		{8480B285-B6C5-4D8F-9A5C-F7F0D57764B9}.Debug|x64.Build.0 = Debug|x64
		{8480B285-B6C5-4D8F-9A5C-F7F0D57764B9}.Debug|x86.ActiveCfg = Debug|Win32
		{8480B285-B6C5-4D8F-9A5C-F7F0D57764B9}.Debug|x86.Build.0 = Debug|Win32
		{8480B285-B6C5-4D8F-9A5C-F7F0D57764B9}.Release|x64.ActiveCfg = Release|x64
		{8480B285-B6C5-4D8F-9A5C-F7F0D57764B9}.Release|x64.Build.0 = Release|x64
		{8480B285-B6C5-4D8F-9A5C-F7F0D57764B9}.Release|x86.ActiveCfg = Release|Win32
		{8480B285-B6C5-4D8F-9A5C-F7F0D57764B9}.Release|x86.Build.0 = Release|Win32
	EndGlobalSection
	GlobalSection(SolutionProperties) = preSolution
		HideSolutionNode = FALSE
	EndGlobalSection
	GlobalSection(ExtensibilityGlobals) = postSolution
		SolutionGuid = {67AE78B7-D70E-4965-9B25-1A794B405CA4}
	EndGlobalSection
EndGlobal
